# This file was autogenerated by uv via the following command:
#    uv pip compile setup.py --extra test --generate-hashes --python-version 3.12 --exclude-newer 2026-03-29T23:15:56Z -o requirements/test.lock
asttokens==3.0.1 \
    --hash=sha256:15a3ebc0f43c2d0a50eeafea25e19046c68398e487b9f1f5b517f7c0f40f976a \
    --hash=sha256:71a4ee5de0bde6a31d64f6b13f2293ac190344478f081c3d1bccfcf5eacb0cb7
    # via stack-data
certifi==2026.2.25 \
    --hash=sha256:027692e4402ad994f1c42e52a4997a9763c646b73e4096e4d5d6db8af1d6f0fa \
    --hash=sha256:e887ab5cee78ea814d3472169153c2d12cd43b14bd03329a39a9c6e2e80bfba7
    # via requests
charset-normalizer==3.4.6 \
    --hash=sha256:06a7e86163334edfc5d20fe104db92fcd666e5a5df0977cb5680a506fe26cc8e \
    --hash=sha256:0c173ce3a681f309f31b87125fecec7a5d1347261ea11ebbb856fa6006b23c8c \
    --hash=sha256:0e28d62a8fc7a1fa411c43bd65e346f3bce9716dc51b897fbe930c5987b402d5 \
    --hash=sha256:0e901eb1049fdb80f5bd11ed5ea1e498ec423102f7a9b9e4645d5b8204ff2815 \
    --hash=sha256:11afb56037cbc4b1555a34dd69151e8e069bee82e613a73bef6e714ce733585f \
    --hash=sha256:150b8ce8e830eb7ccb029ec9ca36022f756986aaaa7956aad6d9ec90089338c0 \
    --hash=sha256:172985e4ff804a7ad08eebec0a1640ece87ba5041d565fff23c8f99c1f389484 \
    --hash=sha256:197c1a244a274bb016dd8b79204850144ef77fe81c5b797dc389327adb552407 \
    --hash=sha256:1ae6b62897110aa7c79ea2f5dd38d1abca6db663687c0b1ad9aed6f6bae3d9d6 \
    --hash=sha256:1cf0a70018692f85172348fe06d3a4b63f94ecb055e13a00c644d368eb82e5b8 \
    --hash=sha256:1ed80ff870ca6de33f4d953fda4d55654b9a2b340ff39ab32fa3adbcd718f264 \
    --hash=sha256:22c6f0c2fbc31e76c3b8a86fba1a56eda6166e238c29cdd3d14befdb4a4e4815 \
    --hash=sha256:231d4da14bcd9301310faf492051bee27df11f2bc7549bc0bb41fef11b82daa2 \
    --hash=sha256:259695e2ccc253feb2a016303543d691825e920917e31f894ca1a687982b1de4 \
    --hash=sha256:2a24157fa36980478dd1770b585c0f30d19e18f4fb0c47c13aa568f871718579 \
    --hash=sha256:2b1a63e8224e401cafe7739f77efd3f9e7f5f2026bda4aead8e59afab537784f \
    --hash=sha256:2bd9d128ef93637a5d7a6af25363cf5dec3fa21cf80e68055aad627f280e8afa \
    --hash=sha256:2e1d8ca8611099001949d1cdfaefc510cf0f212484fe7c565f735b68c78c3c95 \
    --hash=sha256:2ef7fedc7a6ecbe99969cd09632516738a97eeb8bd7258bf8a0f23114c057dab \
    --hash=sha256:2f7fdd9b6e6c529d6a2501a2d36b240109e78a8ceaef5687cfcfa2bbe671d297 \
    --hash=sha256:30f445ae60aad5e1f8bdbb3108e39f6fbc09f4ea16c815c66578878325f8f15a \
    --hash=sha256:31215157227939b4fb3d740cd23fe27be0439afef67b785a1eb78a3ae69cba9e \
    --hash=sha256:34315ff4fc374b285ad7f4a0bf7dcbfe769e1b104230d40f49f700d4ab6bbd84 \
    --hash=sha256:3516bbb8d42169de9e61b8520cbeeeb716f12f4ecfe3fd30a9919aa16c806ca8 \
    --hash=sha256:3778fd7d7cd04ae8f54651f4a7a0bd6e39a0cf20f801720a4c21d80e9b7ad6b0 \
    --hash=sha256:39f5068d35621da2881271e5c3205125cc456f54e9030d3f723288c873a71bf9 \
    --hash=sha256:404a1e552cf5b675a87f0651f8b79f5f1e6fd100ee88dc612f89aa16abd4486f \
    --hash=sha256:419a9d91bd238052642a51938af8ac05da5b3343becde08d5cdeab9046df9ee1 \
    --hash=sha256:423fb7e748a08f854a08a222b983f4df1912b1daedce51a72bd24fe8f26a1843 \
    --hash=sha256:4482481cb0572180b6fd976a4d5c72a30263e98564da68b86ec91f0fe35e8565 \
    --hash=sha256:461598cd852bfa5a61b09cae2b1c02e2efcd166ee5516e243d540ac24bfa68a7 \
    --hash=sha256:47955475ac79cc504ef2704b192364e51d0d473ad452caedd0002605f780101c \
    --hash=sha256:48696db7f18afb80a068821504296eb0787d9ce239b91ca15059d1d3eaacf13b \
    --hash=sha256:4be9f4830ba8741527693848403e2c457c16e499100963ec711b1c6f2049b7c7 \
    --hash=sha256:4d1d02209e06550bdaef34af58e041ad71b88e624f5d825519da3a3308e22687 \
    --hash=sha256:4f41da960b196ea355357285ad1316a00099f22d0929fe168343b99b254729c9 \
    --hash=sha256:517ad0e93394ac532745129ceabdf2696b609ec9f87863d337140317ebce1c14 \
    --hash=sha256:51fb3c322c81d20567019778cb5a4a6f2dc1c200b886bc0d636238e364848c89 \
    --hash=sha256:5273b9f0b5835ff0350c0828faea623c68bfa65b792720c453e22b25cc72930f \
    --hash=sha256:530d548084c4a9f7a16ed4a294d459b4f229db50df689bfe92027452452943a0 \
    --hash=sha256:530e8cebeea0d76bdcf93357aa5e41336f48c3dc709ac52da2bb167c5b8271d9 \
    --hash=sha256:54fae94be3d75f3e573c9a1b5402dc593de19377013c9a0e4285e3d402dd3a2a \
    --hash=sha256:572d7c822caf521f0525ba1bce1a622a0b85cf47ffbdae6c9c19e3b5ac3c4389 \
    --hash=sha256:58c948d0d086229efc484fe2f30c2d382c86720f55cd9bc33591774348ad44e0 \
    --hash=sha256:5d11595abf8dd942a77883a39d81433739b287b6aa71620f15164f8096221b30 \
    --hash=sha256:5f8ddd609f9e1af8c7bd6e2aca279c931aefecd148a14402d4e368f3171769fd \
    --hash=sha256:5feb91325bbceade6afab43eb3b508c63ee53579fe896c77137ded51c6b6958e \
    --hash=sha256:60c74963d8350241a79cb8feea80e54d518f72c26db618862a8f53e5023deaf9 \
    --hash=sha256:613f19aa6e082cf96e17e3ffd89383343d0d589abda756b7764cf78361fd41dc \
    --hash=sha256:659a1e1b500fac8f2779dd9e1570464e012f43e580371470b45277a27baa7532 \
    --hash=sha256:695f5c2823691a25f17bc5d5ffe79fa90972cc34b002ac6c843bb8a1720e950d \
    --hash=sha256:69dd852c2f0ad631b8b60cfbe25a28c0058a894de5abb566619c205ce0550eae \
    --hash=sha256:6cceb5473417d28edd20c6c984ab6fee6c6267d38d906823ebfe20b03d607dc2 \
    --hash=sha256:71be7e0e01753a89cf024abf7ecb6bca2c81738ead80d43004d9b5e3f1244e64 \
    --hash=sha256:74119174722c4349af9708993118581686f343adc1c8c9c007d59be90d077f3f \
    --hash=sha256:74a2e659c7ecbc73562e2a15e05039f1e22c75b7c7618b4b574a3ea9118d1557 \
    --hash=sha256:7504e9b7dc05f99a9bbb4525c67a2c155073b44d720470a148b34166a69c054e \
    --hash=sha256:79090741d842f564b1b2827c0b82d846405b744d31e84f18d7a7b41c20e473ff \
    --hash=sha256:7a6967aaf043bceabab5412ed6bd6bd26603dae84d5cb75bf8d9a74a4959d398 \
    --hash=sha256:7bda6eebafd42133efdca535b04ccb338ab29467b3f7bf79569883676fc628db \
    --hash=sha256:7edbed096e4a4798710ed6bc75dcaa2a21b68b6c356553ac4823c3658d53743a \
    --hash=sha256:7f9019c9cb613f084481bd6a100b12e1547cf2efe362d873c2e31e4035a6fa43 \
    --hash=sha256:802168e03fba8bbc5ce0d866d589e4b1ca751d06edee69f7f3a19c5a9fe6b597 \
    --hash=sha256:80d0a5615143c0b3225e5e3ef22c8d5d51f3f72ce0ea6fb84c943546c7b25b6c \
    --hash=sha256:82060f995ab5003a2d6e0f4ad29065b7672b6593c8c63559beefe5b443242c3e \
    --hash=sha256:836ab36280f21fc1a03c99cd05c6b7af70d2697e374c7af0b61ed271401a72a2 \
    --hash=sha256:8761ac29b6c81574724322a554605608a9960769ea83d2c73e396f3df896ad54 \
    --hash=sha256:87725cfb1a4f1f8c2fc9890ae2f42094120f4b44db9360be5d99a4c6b0e03a9e \
    --hash=sha256:899d28f422116b08be5118ef350c292b36fc15ec2daeb9ea987c89281c7bb5c4 \
    --hash=sha256:8bc5f0687d796c05b1e28ab0d38a50e6309906ee09375dd3aff6a9c09dd6e8f4 \
    --hash=sha256:8bea55c4eef25b0b19a0337dc4e3f9a15b00d569c77211fa8cde38684f234fb7 \
    --hash=sha256:8e5a94886bedca0f9b78fecd6afb6629142fd2605aa70a125d49f4edc6037ee6 \
    --hash=sha256:90ca27cd8da8118b18a52d5f547859cc1f8354a00cd1e8e5120df3e30d6279e5 \
    --hash=sha256:92734d4d8d187a354a556626c221cd1a892a4e0802ccb2af432a1d85ec012194 \
    --hash=sha256:947cf925bc916d90adba35a64c82aace04fa39b46b52d4630ece166655905a69 \
    --hash=sha256:95b52c68d64c1878818687a473a10547b3292e82b6f6fe483808fb1468e2f52f \
    --hash=sha256:97d0235baafca5f2b09cf332cc275f021e694e8362c6bb9c96fc9a0eb74fc316 \
    --hash=sha256:9ca4c0b502ab399ef89248a2c84c54954f77a070f28e546a85e91da627d1301e \
    --hash=sha256:9cc4fc6c196d6a8b76629a70ddfcd4635a6898756e2d9cac5565cf0654605d73 \
    --hash=sha256:9cc6e6d9e571d2f863fa77700701dae73ed5f78881efc8b3f9a4398772ff53e8 \
    --hash=sha256:a056d1ad2633548ca18ffa2f85c202cfb48b68615129143915b8dc72a806a923 \
    --hash=sha256:a26611d9987b230566f24a0a125f17fe0de6a6aff9f25c9f564aaa2721a5fb88 \
    --hash=sha256:a4474d924a47185a06411e0064b803c68be044be2d60e50e8bddcc2649957c1f \
    --hash=sha256:a4ea868bc28109052790eb2b52a9ab33f3aa7adc02f96673526ff47419490e21 \
    --hash=sha256:a9e68c9d88823b274cf1e72f28cb5dc89c990edf430b0bfd3e2fb0785bfeabf4 \
    --hash=sha256:aa9cccf4a44b9b62d8ba8b4dd06c649ba683e4bf04eea606d2e94cfc2d6ff4d6 \
    --hash=sha256:ab30e5e3e706e3063bc6de96b118688cb10396b70bb9864a430f67df98c61ecc \
    --hash=sha256:ac2393c73378fea4e52aa56285a3d64be50f1a12395afef9cce47772f60334c2 \
    --hash=sha256:ad8faf8df23f0378c6d527d8b0b15ea4a2e23c89376877c598c4870d1b2c7866 \
    --hash=sha256:b35b200d6a71b9839a46b9b7fff66b6638bb52fc9658aa58796b0326595d3021 \
    --hash=sha256:b3694e3f87f8ac7ce279d4355645b3c878d24d1424581b46282f24b92f5a4ae2 \
    --hash=sha256:b4ff1d35e8c5bd078be89349b6f3a845128e685e751b6ea1169cf2160b344c4d \
    --hash=sha256:bbc8c8650c6e51041ad1be191742b8b421d05bbd3410f43fa2a00c8db87678e8 \
    --hash=sha256:bc72863f4d9aba2e8fd9085e63548a324ba706d2ea2c83b260da08a59b9482de \
    --hash=sha256:bf625105bb9eef28a56a943fec8c8a98aeb80e7d7db99bd3c388137e6eb2d237 \
    --hash=sha256:c2274ca724536f173122f36c98ce188fd24ce3dad886ec2b7af859518ce008a4 \
    --hash=sha256:c45a03a4c69820a399f1dda9e1d8fbf3562eda46e7720458180302021b08f778 \
    --hash=sha256:c8ae56368f8cc97c7e40a7ee18e1cedaf8e780cd8bc5ed5ac8b81f238614facb \
    --hash=sha256:c907cdc8109f6c619e6254212e794d6548373cc40e1ec75e6e3823d9135d29cc \
    --hash=sha256:ca0276464d148c72defa8bb4390cce01b4a0e425f3b50d1435aa6d7a18107602 \
    --hash=sha256:cd5e2801c89992ed8c0a3f0293ae83c159a60d9a5d685005383ef4caca77f2c4 \
    --hash=sha256:d08ec48f0a1c48d75d0356cea971921848fb620fdeba805b28f937e90691209f \
    --hash=sha256:d1a2ee9c1499fc8f86f4521f27a973c914b211ffa87322f4ee33bb35392da2c5 \
    --hash=sha256:d5f5d1e9def3405f60e3ca8232d56f35c98fb7bf581efcc60051ebf53cb8b611 \
    --hash=sha256:d60377dce4511655582e300dc1e5a5f24ba0cb229005a1d5c8d0cb72bb758ab8 \
    --hash=sha256:d73beaac5e90173ac3deb9928a74763a6d230f494e4bfb422c217a0ad8e629bf \
    --hash=sha256:d7de2637729c67d67cf87614b566626057e95c303bc0a55ffe391f5205e7003d \
    --hash=sha256:dad6e0f2e481fffdcf776d10ebee25e0ef89f16d691f1e5dee4b586375fdc64b \
    --hash=sha256:dda86aba335c902b6149a02a55b38e96287157e609200811837678214ba2b1db \
    --hash=sha256:df01808ee470038c3f8dc4f48620df7225c49c2d6639e38f96e6d6ac6e6f7b0e \
    --hash=sha256:e1f6e2f00a6b8edb562826e4632e26d063ac10307e80f7461f7de3ad8ef3f077 \
    --hash=sha256:e25369dc110d58ddf29b949377a93e0716d72a24f62bad72b2b39f155949c1fd \
    --hash=sha256:e3c701e954abf6fc03a49f7c579cc80c2c6cc52525340ca3186c41d3f33482ef \
    --hash=sha256:e5bcc1a1ae744e0bb59641171ae53743760130600da8db48cbb6e4918e186e4e \
    --hash=sha256:e68c14b04827dd76dcbd1aeea9e604e3e4b78322d8faf2f8132c7138efa340a8 \
    --hash=sha256:e8aeb10fcbe92767f0fa69ad5a72deca50d0dca07fbde97848997d778a50c9fe \
    --hash=sha256:e985a16ff513596f217cee86c21371b8cd011c0f6f056d0920aa2d926c544058 \
    --hash=sha256:ecbbd45615a6885fe3240eb9db73b9e62518b611850fdf8ab08bd56de7ad2b17 \
    --hash=sha256:ee4ec14bc1680d6b0afab9aea2ef27e26d2024f18b24a2d7155a52b60da7e833 \
    --hash=sha256:ef5960d965e67165d75b7c7ffc60a83ec5abfc5c11b764ec13ea54fbef8b4421 \
    --hash=sha256:f0cdaecd4c953bfae0b6bb64910aaaca5a424ad9c72d85cb88417bb9814f7550 \
    --hash=sha256:f1ce721c8a7dfec21fcbdfe04e8f68174183cf4e8188e0645e92aa23985c57ff \
    --hash=sha256:f50498891691e0864dc3da965f340fada0771f6142a378083dc4608f4ea513e2 \
    --hash=sha256:f5ea69428fa1b49573eef0cc44a1d43bebd45ad0c611eb7d7eac760c7ae771bc \
    --hash=sha256:f61aa92e4aad0be58eb6eb4e0c21acf32cf8065f4b2cae5665da756c4ceef982 \
    --hash=sha256:f6e4333fb15c83f7d1482a76d45a0818897b3d33f00efd215528ff7c51b8e35d \
    --hash=sha256:f820f24b09e3e779fe84c3c456cb4108a7aa639b0d1f02c28046e11bfcd088ed \
    --hash=sha256:f98059e4fcd3e3e4e2d632b7cf81c2faae96c43c60b569e9c621468082f1d104 \
    --hash=sha256:fcce033e4021347d80ed9c66dcf1e7b1546319834b74445f561d2e2221de5659
    # via requests
decorator==5.2.1 \
    --hash=sha256:65f266143752f734b0a7cc83c46f4618af75b8c5911b00ccb61d0ac9b6da0360 \
    --hash=sha256:d316bb415a2d9e2d2b3abcc4084c6502fc09240e292cd76a76afc106a1c8e04a
    # via ipython
execnet==2.1.2 \
    --hash=sha256:63d83bfdd9a23e35b9c6a3261412324f964c2ec8dcd8d3c6916ee9373e0befcd \
    --hash=sha256:67fba928dd5a544b783f6056f449e5e3931a5c378b128bc18501f7ea79e296ec
    # via pytest-xdist
executing==2.2.1 \
    --hash=sha256:3632cc370565f6648cc328b32435bd120a1e4ebb20c77e3fdde9a13cd1e533c4 \
    --hash=sha256:760643d3452b4d777d295bb167ccc74c64a81df23fb5e08eff250c425a4b2017
    # via stack-data
hypothesis==6.151.10 \
    --hash=sha256:6c9565af8b4aa3a080b508f66ce9c2a77dd613c7e9073e27fc7e4ef9f45f8a27 \
    --hash=sha256:b0d7728f0c8c2be009f89fcdd6066f70c5439aa0f94adbb06e98261d05f49b05
    # via graphistry (setup.py)
idna==3.11 \
    --hash=sha256:771a87f49d9defaf64091e6e6fe9c18d4833f140bd19464795bc32d966ca37ea \
    --hash=sha256:795dafcc9c04ed0c1fb032c2aa73654d8e8c5023a7df64a53f39190ada629902
    # via requests
iniconfig==2.3.0 \
    --hash=sha256:c76315c77db068650d49c5b56314774a7804df16fee4402c1f19d6d15d8c4730 \
    --hash=sha256:f631c04d2c48c52b84d0d0549c99ff3859c98df65b3101406327ecc7d53fbf12
    # via pytest
ipython==9.12.0 \
    --hash=sha256:01daa83f504b693ba523b5a407246cabde4eb4513285a3c6acaff11a66735ee4 \
    --hash=sha256:0f2701e8ee86e117e37f50563205d36feaa259d2e08d4a6bc6b6d74b18ce128d
    # via graphistry (setup.py)
ipython-pygments-lexers==1.1.1 \
    --hash=sha256:09c0138009e56b6854f9535736f4171d855c8c08a563a0dcd8022f78355c7e81 \
    --hash=sha256:a9462224a505ade19a605f71f8fa63c2048833ce50abc86768a0d81d876dc81c
    # via ipython
jedi==0.19.2 \
    --hash=sha256:4770dc3de41bde3966b02eb84fbcf557fb33cce26ad23da12c742fb50ecb11f0 \
    --hash=sha256:a8ef22bde8490f57fe5c7681a3c83cb58874daf72b4784de3cce5b6ef6edb5b9
    # via ipython
lark==1.3.1 \
    --hash=sha256:b426a7a6d6d53189d318f2b6236ab5d6429eaf09259f1ca33eb716eed10d2905 \
    --hash=sha256:c629b661023a014c37da873b4ff58a817398d12635d3bbb2c5a03be7fe5d1e12
    # via graphistry (setup.py)
librt==0.8.1 \
    --hash=sha256:01170b6729a438f0dedc4a26ed342e3dc4f02d1000b4b19f980e1877f0c297e6 \
    --hash=sha256:039b9f2c506bd0ab0f8725aa5ba339c6f0cd19d3b514b50d134789809c24285d \
    --hash=sha256:05bd41cdee35b0c59c259f870f6da532a2c5ca57db95b5f23689fcb5c9e42440 \
    --hash=sha256:086a32dbb71336627e78cc1d6ee305a68d038ef7d4c39aaff41ae8c9aa46e91a \
    --hash=sha256:08eec3a1fc435f0d09c87b6bf1ec798986a3544f446b864e4099633a56fcd9ed \
    --hash=sha256:0bf69d79a23f4f40b8673a947a234baeeb133b5078b483b7297c5916539cf5d5 \
    --hash=sha256:0c3811485fccfda840861905b8c70bba5ec094e02825598bb9d4ca3936857a04 \
    --hash=sha256:0d2f82168e55ddefd27c01c654ce52379c0750ddc31ee86b4b266bcf4d65f2a3 \
    --hash=sha256:0f2ae3725904f7377e11cc37722d5d401e8b3d5851fb9273d7f4fe04f6b3d37d \
    --hash=sha256:10c42e1f6fd06733ef65ae7bebce2872bcafd8d6e6b0a08fe0a05a23b044fb14 \
    --hash=sha256:153188fe98a72f206042be10a2c6026139852805215ed9539186312d50a8e972 \
    --hash=sha256:172d57ec04346b047ca6af181e1ea4858086c80bdf455f61994c4aa6fc3f866c \
    --hash=sha256:190b109bb69592a3401fe1ffdea41a2e73370ace2ffdc4a0e8e2b39cdea81b78 \
    --hash=sha256:1d3a7da44baf692f0c6aeb5b2a09c5e6fc7a703bca9ffa337ddd2e2da53f7732 \
    --hash=sha256:228c2409c079f8c11fb2e5d7b277077f694cb93443eb760e00b3b83cb8b3176c \
    --hash=sha256:22b46eabd76c1986ee7d231b0765ad387d7673bbd996aa0d0d054b38ac65d8f6 \
    --hash=sha256:237796479f4d0637d6b9cbcb926ff424a97735e68ade6facf402df4ec93375ed \
    --hash=sha256:2c74a2da57a094bd48d03fa5d196da83d2815678385d2978657499063709abe1 \
    --hash=sha256:2cc68eeeef5e906839c7bb0815748b5b0a974ec27125beefc0f942715785b551 \
    --hash=sha256:2eb345e8b33fb748227409c9f1233d4df354d6e54091f0e8fc53acdb2ffedeb7 \
    --hash=sha256:31362dbfe297b23590530007062c32c6f6176f6099646bb2c95ab1b00a57c382 \
    --hash=sha256:3dff3d3ca8db20e783b1bc7de49c0a2ab0b8387f31236d6a026597d07fcd68ac \
    --hash=sha256:43353b943613c5d9c49a25aaffdba46f888ec354e71e3529a00cca3f04d66a7a \
    --hash=sha256:439352ba9373f11cb8e1933da194dcc6206daf779ff8df0ed69c5e39113e6a99 \
    --hash=sha256:4998009e7cb9e896569f4be7004f09d0ed70d386fa99d42b6d363f6d200501ac \
    --hash=sha256:4be2a5c926b9770c9e08e717f05737a269b9d0ebc5d2f0060f0fe3fe9ce47acb \
    --hash=sha256:4beb04b8c66c6ae62f8c1e0b2f097c1ebad9295c929a8d5286c05eae7c2fc7dc \
    --hash=sha256:4c8dfa264b9193c4ee19113c985c95f876fae5e51f731494fc4e0cf594990ba7 \
    --hash=sha256:5212a5bd7fae98dae95710032902edcd2ec4dc994e883294f75c857b83f9aba0 \
    --hash=sha256:52c224e14614b750c0a6d97368e16804a98c684657c7518752c356834fff83bb \
    --hash=sha256:56e04c14b696300d47b3bc5f1d10a00e86ae978886d0cee14e5714fafb5df5d2 \
    --hash=sha256:5bb54f1205a3a6ab41a6fd71dfcdcbd278670d3a90ca502a30d9da583105b6f7 \
    --hash=sha256:5cdc0f588ff4b663ea96c26d2a230c525c6fc62b28314edaaaca8ed5af931ad0 \
    --hash=sha256:5db05697c82b3a2ec53f6e72b2ed373132b0c2e05135f0696784e97d7f5d48e7 \
    --hash=sha256:5e4af413908f77294605e28cfd98063f54b2c790561383971d2f52d113d9c363 \
    --hash=sha256:5fc48998000cbc39ec0d5311312dda93ecf92b39aaf184c5e817d5d440b29624 \
    --hash=sha256:60a78b694c9aee2a0f1aaeaa7d101cf713e92e8423a941d2897f4fa37908dab9 \
    --hash=sha256:64548cde61b692dc0dc379f4b5f59a2f582c2ebe7890d09c1ae3b9e66fa015b7 \
    --hash=sha256:681dc2451d6d846794a828c16c22dc452d924e9f700a485b7ecb887a30aad1fd \
    --hash=sha256:6b1977c4ea97ce5eb7755a78fae68d87e4102e4aaf54985e8b56806849cc06a3 \
    --hash=sha256:6cfa7fe54fd4d1f47130017351a959fe5804bda7a0bc7e07a2cdbc3fdd28d34f \
    --hash=sha256:738f08021b3142c2918c03692608baed43bc51144c29e35807682f8070ee2a3a \
    --hash=sha256:747328be0c5b7075cde86a0e09d7a9196029800ba75a1689332348e998fb85c0 \
    --hash=sha256:758509ea3f1eba2a57558e7e98f4659d0ea7670bff49673b0dde18a3c7e6c0eb \
    --hash=sha256:785ae29c1f5c6e7c2cde2c7c0e148147f4503da3abc5d44d482068da5322fd9e \
    --hash=sha256:7aae78ab5e3206181780e56912d1b9bb9f90a7249ce12f0e8bf531d0462dd0fc \
    --hash=sha256:7b02679a0d783bdae30d443025b94465d8c3dc512f32f5b5031f93f57ac32071 \
    --hash=sha256:7e2f3edca35664499fbb36e4770650c4bd4a08abc1f4458eab9df4ec56389730 \
    --hash=sha256:7e6bad1cd94f6764e1e21950542f818a09316645337fd5ab9a7acc45d99a8f35 \
    --hash=sha256:81fd938344fecb9373ba1b155968c8a329491d2ce38e7ddb76f30ffb938f12dc \
    --hash=sha256:82210adabbc331dbb65d7868b105185464ef13f56f7f76688565ad79f648b0fe \
    --hash=sha256:89815a22daf9c51884fb5dbe4f1ef65ee6a146e0b6a8df05f753e2e4a9359bf4 \
    --hash=sha256:8f1125e6bbf2f1657d9a2f3ccc4a2c9b0c8b176965bb565dd4d86be67eddb4b6 \
    --hash=sha256:8f4bb453f408137d7581be309b2fbc6868a80e7ef60c88e689078ee3a296ae71 \
    --hash=sha256:924817ab3141aca17893386ee13261f1d100d1ef410d70afe4389f2359fea4f0 \
    --hash=sha256:93c2af9e01e0ef80d95ae3c720be101227edae5f2fe7e3dc63d8857fadfc5a1d \
    --hash=sha256:97c2b54ff6717a7a563b72627990bec60d8029df17df423f0ed37d56a17a176b \
    --hash=sha256:9be2f15e53ce4e83cc08adc29b26fb5978db62ef2a366fbdf716c8a6c8901040 \
    --hash=sha256:9e2c6f77b9ad48ce5603b83b7da9ee3e36b3ab425353f695cba13200c5d96596 \
    --hash=sha256:a28f2612ab566b17f3698b0da021ff9960610301607c9a5e8eaca62f5e1c350a \
    --hash=sha256:a355d99c4c0d8e5b770313b8b247411ed40949ca44e33e46a4789b9293a907ee \
    --hash=sha256:a3b4350b13cc0e6f5bec8fa7caf29a8fb8cdc051a3bae45cfbfd7ce64f009965 \
    --hash=sha256:aaab0e307e344cb28d800957ef3ec16605146ef0e59e059a60a176d19543d1b7 \
    --hash=sha256:ac1e7817fd0ed3d14fd7c5df91daed84c48e4c2a11ee99c0547f9f62fdae13da \
    --hash=sha256:adfab487facf03f0d0857b8710cf82d0704a309d8ffc33b03d9302b4c64e91a9 \
    --hash=sha256:b6d7ab1f01aa753188605b09a51faa44a3327400b00b8cce424c71910fc0a128 \
    --hash=sha256:bacdb58d9939d95cc557b4dbaa86527c9db2ac1ed76a18bc8d26f6dc8647d851 \
    --hash=sha256:be46a14693955b3bd96014ccbdb8339ee8c9346fbe11c1b78901b55125f14c73 \
    --hash=sha256:bf512a71a23504ed08103a13c941f763db13fb11177beb3d9244c98c29fb4a61 \
    --hash=sha256:c00e5c884f528c9932d278d5c9cbbea38a6b81eb62c02e06ae53751a83a4d52b \
    --hash=sha256:c25d9e338d5bed46c1632f851babf3d13c78f49a225462017cf5e11e845c5891 \
    --hash=sha256:c336d61d2fe74a3195edc1646d53ff1cddd3a9600b09fa6ab75e5514ba4862a7 \
    --hash=sha256:cc3656283d11540ab0ea01978378e73e10002145117055e03722417aeab30994 \
    --hash=sha256:cf450f498c30af55551ba4f66b9123b7185362ec8b625a773b3d39aa1a717583 \
    --hash=sha256:d0ee06b5b5291f609ddb37b9750985b27bc567791bc87c76a569b3feed8481ac \
    --hash=sha256:d480de377f5b687b6b1bc0c0407426da556e2a757633cc7e4d2e1a057aa688f3 \
    --hash=sha256:d56bc4011975f7460bea7b33e1ff425d2f1adf419935ff6707273c77f8a4ada6 \
    --hash=sha256:dd3c41254ee98604b08bd5b3af5bf0a89740d4ee0711de95b65166bf44091921 \
    --hash=sha256:e0d138c7ae532908cbb342162b2611dbd4d90c941cd25ab82084aaf71d2c0bd0 \
    --hash=sha256:e11769a1dbda4da7b00a76cfffa67aa47cfa66921d2724539eee4b9ede780b79 \
    --hash=sha256:e3f0a41487fd5fad7e760b9e8a90e251e27c2816fbc2cff36a22a0e6bcbbd9dd \
    --hash=sha256:e692aa2d1d604e6ca12d35e51fdc36f4cda6345e28e36374579f7ef3611b3012 \
    --hash=sha256:e70a57ecf89a0f64c24e37f38d3fe217a58169d2fe6ed6d70554964042474023 \
    --hash=sha256:e96baa6820280077a78244b2e06e416480ed859bbd8e5d641cf5742919d8beb4 \
    --hash=sha256:eb5656019db7c4deacf0c1a55a898c5bb8f989be904597fcb5232a2f4828fa05 \
    --hash=sha256:eca45e982fa074090057132e30585a7e8674e9e885d402eae85633e9f449ce6c \
    --hash=sha256:f0af2bd2bc204fa27f3d6711d0f360e6b8c684a035206257a81673ab924aa11e \
    --hash=sha256:f7cdf7f26c2286ffb02e46d7bac56c94655540b26347673bea15fa52a6af17e9 \
    --hash=sha256:fd1a720332ea335ceb544cf0a03f81df92abd4bb887679fd1e460976b0e6214b \
    --hash=sha256:ff8baf1f8d3f4b6b7257fcb75a501f2a5499d0dda57645baa09d4d0d34b19444
    # via mypy
matplotlib-inline==0.2.1 \
    --hash=sha256:d56ce5156ba6085e00a9d54fead6ed29a9c47e215cd1bba2e976ef39f5710a76 \
    --hash=sha256:e1ee949c340d771fc39e241ea75683deb94762c8fa5f2927ec57c83c4dffa9fe
    # via ipython
mock==5.2.0 \
    --hash=sha256:4e460e818629b4b173f32d08bf30d3af8123afbb8e04bb5707a1fd4799e503f0 \
    --hash=sha256:7ba87f72ca0e915175596069dbbcc7c75af7b5e9b9bc107ad6349ede0819982f
    # via graphistry (setup.py)
mypy==1.19.1 \
    --hash=sha256:016f2246209095e8eda7538944daa1d60e1e8134d98983b9fc1e92c1fc0cb8dd \
    --hash=sha256:022ea7279374af1a5d78dfcab853fe6a536eebfda4b59deab53cd21f6cd9f00b \
    --hash=sha256:06e6170bd5836770e8104c8fdd58e5e725cfeb309f0a6c681a811f557e97eac1 \
    --hash=sha256:19d88bb05303fe63f71dd2c6270daca27cb9401c4ca8255fe50d1d920e0eb9ba \
    --hash=sha256:21761006a7f497cb0d4de3d8ef4ca70532256688b0523eee02baf9eec895e27b \
    --hash=sha256:28902ee51f12e0f19e1e16fbe2f8f06b6637f482c459dd393efddd0ec7f82045 \
    --hash=sha256:2899753e2f61e571b3971747e302d5f420c3fd09650e1951e99f823bc3089dac \
    --hash=sha256:2abb24cf3f17864770d18d673c85235ba52456b36a06b6afc1e07c1fdcd3d0e6 \
    --hash=sha256:34c81968774648ab5ac09c29a375fdede03ba253f8f8287847bd480782f73a6a \
    --hash=sha256:409088884802d511ee52ca067707b90c883426bd95514e8cfda8281dc2effe24 \
    --hash=sha256:481daf36a4c443332e2ae9c137dfee878fcea781a2e3f895d54bd3002a900957 \
    --hash=sha256:4b84a7a18f41e167f7995200a1d07a4a6810e89d29859df936f1c3923d263042 \
    --hash=sha256:4f28f99c824ecebcdaa2e55d82953e38ff60ee5ec938476796636b86afa3956e \
    --hash=sha256:5f05aa3d375b385734388e844bc01733bd33c644ab48e9684faa54e5389775ec \
    --hash=sha256:7bcfc336a03a1aaa26dfce9fff3e287a3ba99872a157561cbfcebe67c13308e3 \
    --hash=sha256:804bd67b8054a85447c8954215a906d6eff9cabeabe493fb6334b24f4bfff718 \
    --hash=sha256:8bb5c6f6d043655e055be9b542aa5f3bdd30e4f3589163e85f93f3640060509f \
    --hash=sha256:a009ffa5a621762d0c926a078c2d639104becab69e79538a494bcccb62cc0331 \
    --hash=sha256:a8174a03289288c1f6c46d55cef02379b478bfbc8e358e02047487cad44c6ca1 \
    --hash=sha256:ab43590f9cd5108f41aacf9fca31841142c786827a74ab7cc8a2eacb634e09a1 \
    --hash=sha256:b10e7c2cd7870ba4ad9b2d8a6102eb5ffc1f16ca35e3de6bfa390c1113029d13 \
    --hash=sha256:b13cfdd6c87fc3efb69ea4ec18ef79c74c3f98b4e5498ca9b85ab3b2c2329a67 \
    --hash=sha256:b64d987153888790bcdb03a6473d321820597ab8dd9243b27a92153c4fa50fd2 \
    --hash=sha256:b7951a701c07ea584c4fe327834b92a30825514c868b1f69c30445093fdd9d5a \
    --hash=sha256:bdb12f69bcc02700c2b47e070238f42cb87f18c0bc1fc4cdb4fb2bc5fd7a3b8b \
    --hash=sha256:c35d298c2c4bba75feb2195655dfea8124d855dfd7343bf8b8c055421eaf0cf8 \
    --hash=sha256:c608937067d2fc5a4dd1a5ce92fd9e1398691b8c5d012d66e1ddd430e9244376 \
    --hash=sha256:c9a6538e0415310aad77cb94004ca6482330fece18036b5f360b62c45814c4ef \
    --hash=sha256:d8dfc6ab58ca7dda47d9237349157500468e404b17213d44fc1cb77bce532288 \
    --hash=sha256:da4869fc5e7f62a88f3fe0b5c919d1d9f7ea3cef92d3689de2823fd27e40aa75 \
    --hash=sha256:de759aafbae8763283b2ee5869c7255391fbc4de3ff171f8f030b5ec48381b74 \
    --hash=sha256:e3157c7594ff2ef1634ee058aafc56a82db665c9438fd41b390f3bde1ab12250 \
    --hash=sha256:e3f276d8493c3c97930e354b2595a44a21348b320d859fb4a2b9f66da9ed27ab \
    --hash=sha256:ee4c11e460685c3e0c64a4c5de82ae143622410950d6be863303a1c4ba0e36d6 \
    --hash=sha256:f1235f5ea01b7db5468d53ece6aaddf1ad0b88d9e7462b86ef96fe04995d7247 \
    --hash=sha256:f7cee03c9a2e2ee26ec07479f38ea9c884e301d42c6d43a19d20fb014e3ba925 \
    --hash=sha256:f859fb09d9583a985be9a493d5cfc5515b56b08f7447759a0c5deaf68d80506e \
    --hash=sha256:ffcebe56eb09ff0c0885e750036a095e23793ba6c2e894e7e63f6d89ad51f22e
    # via graphistry (setup.py)
mypy-extensions==1.1.0 \
    --hash=sha256:1be4cccdb0f2482337c4743e60421de3a356cd97508abadd57d47403e94f5505 \
    --hash=sha256:52e68efc3284861e772bbcd66823fde5ae21fd2fdb51c62a211403730b916558
    # via mypy
numpy==2.4.4 \
    --hash=sha256:07077278157d02f65c43b1b26a3886bce886f95d20aabd11f87932750dfb14ed \
    --hash=sha256:08f2e31ed5e6f04b118e49821397f12767934cfdd12a1ce86a058f91e004ee50 \
    --hash=sha256:0aec54fd785890ecca25a6003fd9a5aed47ad607bbac5cd64f836ad8666f4959 \
    --hash=sha256:0d35aea54ad1d420c812bfa0385c71cd7cc5bcf7c65fed95fc2cd02fe8c79827 \
    --hash=sha256:0d4e437e295f18ec29bc79daf55e8a47a9113df44d66f702f02a293d93a2d6dd \
    --hash=sha256:0dfd3f9d3adbe2920b68b5cd3d51444e13a10792ec7154cd0a2f6e74d4ab3233 \
    --hash=sha256:1378871da56ca8943c2ba674530924bb8ca40cd228358a3b5f302ad60cf875fc \
    --hash=sha256:15716cfef24d3a9762e3acdf87e27f58dc823d1348f765bbea6bef8c639bfa1b \
    --hash=sha256:19710a9ca9992d7174e9c52f643d4272dcd1558c5f7af7f6f8190f633bd651a7 \
    --hash=sha256:23cbfd4c17357c81021f21540da84ee282b9c8fba38a03b7b9d09ba6b951421e \
    --hash=sha256:2483e4584a1cb3092da4470b38866634bafb223cbcd551ee047633fd2584599a \
    --hash=sha256:27a8d92cd10f1382a67d7cf4db7ce18341b66438bdd9f691d7b0e48d104c2a9d \
    --hash=sha256:28a650663f7314afc3e6ec620f44f333c386aad9f6fc472030865dc0ebb26ee3 \
    --hash=sha256:2aa0613a5177c264ff5921051a5719d20095ea586ca88cc802c5c218d1c67d3e \
    --hash=sha256:2c194dd721e54ecad9ad387c1d35e63dce5c4450c6dc7dd5611283dda239aabb \
    --hash=sha256:2d19e6e2095506d1736b7d80595e0f252d76b89f5e715c35e06e937679ea7d7a \
    --hash=sha256:2d390634c5182175533585cc89f3608a4682ccb173cc9bb940b2881c8d6f8fa0 \
    --hash=sha256:30caa73029a225b2d40d9fae193e008e24b2026b7ee1a867b7ee8d96ca1a448e \
    --hash=sha256:42c16925aa5a02362f986765f9ebabf20de75cdefdca827d14315c568dcab113 \
    --hash=sha256:45dbed2ab436a9e826e302fcdcbe9133f9b0006e5af7168afb8963a6520da103 \
    --hash=sha256:4636de7fd195197b7535f231b5de9e4b36d2c440b6e566d2e4e4746e6af0ca93 \
    --hash=sha256:4a19d9dba1a76618dd86b164d608566f393f8ec6ac7c44f0cc879011c45e65af \
    --hash=sha256:4bbc7f303d125971f60ec0aaad5e12c62d0d2c925f0ab1273debd0e4ba37aba5 \
    --hash=sha256:4d6d57903571f86180eb98f8f0c839fa9ebbfb031356d87f1361be91e433f5b7 \
    --hash=sha256:4e874c976154687c1f71715b034739b45c7711bec81db01914770373d125e392 \
    --hash=sha256:51fc224f7ca4d92656d5a5eb315f12eb5fe2c97a66249aa7b5f562528a3be38c \
    --hash=sha256:58c8b5929fcb8287cbd6f0a3fae19c6e03a5c48402ae792962ac465224a629a4 \
    --hash=sha256:5a285b3b96f951841799528cd1f4f01cd70e7e0204b4abebac9463eecfcf2a40 \
    --hash=sha256:5c70f1cc1c4efbe316a572e2d8b9b9cc44e89b95f79ca3331553fbb63716e2bf \
    --hash=sha256:62d6b0f03b694173f9fcb1fb317f7222fd0b0b103e784c6549f5e53a27718c44 \
    --hash=sha256:6a246d5914aa1c820c9443ddcee9c02bec3e203b0c080349533fae17727dfd1b \
    --hash=sha256:6aa3236c78803afbcb255045fbef97a9e25a1f6c9888357d205ddc42f4d6eba5 \
    --hash=sha256:6bbe4eb67390b0a0265a2c25458f6b90a409d5d069f1041e6aff1e27e3d9a79e \
    --hash=sha256:715d1c092715954784bc79e1174fc2a90093dc4dc84ea15eb14dad8abdcdeb74 \
    --hash=sha256:72944b19f2324114e9dc86a159787333b77874143efcf89a5167ef83cfee8af0 \
    --hash=sha256:81f4a14bee47aec54f883e0cad2d73986640c1590eb9bfaaba7ad17394481e6e \
    --hash=sha256:846300f379b5b12cc769334464656bc882e0735d27d9726568bc932fdc49d5ec \
    --hash=sha256:86b6f55f5a352b48d7fbfd2dbc3d5b780b2d79f4d3c121f33eb6efb22e9a2015 \
    --hash=sha256:874f200b2a981c647340f841730fc3a2b54c9d940566a3c4149099591e2c4c3d \
    --hash=sha256:8a87ec22c87be071b6bdbd27920b129b94f2fc964358ce38f3822635a3e2e03d \
    --hash=sha256:8b3b60bb7cba2c8c81837661c488637eee696f59a877788a396d33150c35d842 \
    --hash=sha256:8e3ed142f2728df44263aaf5fb1f5b0b99f4070c553a0d7f033be65338329150 \
    --hash=sha256:93e15038125dc1e5345d9b5b68aa7f996ec33b98118d18c6ca0d0b7d6198b7e8 \
    --hash=sha256:989824e9faf85f96ec9c7761cd8d29c531ad857bfa1daa930cba85baaecf1a9a \
    --hash=sha256:99d838547ace2c4aace6c4f76e879ddfe02bb58a80c1549928477862b7a6d6ed \
    --hash=sha256:9b2aec6af35c113b05695ebb5749a787acd63cafc83086a05771d1e1cd1e555f \
    --hash=sha256:9c585a1790d5436a5374bac930dad6ed244c046ed91b2b2a3634eb2971d21008 \
    --hash=sha256:a7164afb23be6e37ad90b2f10426149fd75aee07ca55653d2aa41e66c4ef697e \
    --hash=sha256:ac6b31e35612a26483e20750126d30d0941f949426974cace8e6b5c58a3657b0 \
    --hash=sha256:ad2e2ef14e0b04e544ea2fa0a36463f847f113d314aa02e5b402fdf910ef309e \
    --hash=sha256:b268594bccac7d7cf5844c7732e3f20c50921d94e36d7ec9b79e9857694b1b2f \
    --hash=sha256:b5f0362dc928a6ecd9db58868fca5e48485205e3855957bdedea308f8672ea4a \
    --hash=sha256:ba1f4fc670ed79f876f70082eff4f9583c15fb9a4b89d6188412de4d18ae2f40 \
    --hash=sha256:ba203255017337d39f89bdd58417f03c4426f12beed0440cfd933cb15f8669c7 \
    --hash=sha256:c901b15172510173f5cb310eae652908340f8dede90fff9e3bf6c0d8dfd92f83 \
    --hash=sha256:c9b39d38a9bd2ae1becd7eac1303d031c5c110ad31f2b319c6e7d98b135c934d \
    --hash=sha256:d2a8490669bfe99a233298348acc2d824d496dee0e66e31b66a6022c2ad74a5c \
    --hash=sha256:dddbbd259598d7240b18c9d87c56a9d2fb3b02fe266f49a7c101532e78c1d871 \
    --hash=sha256:df3775294accfdd75f32c74ae39fcba920c9a378a2fc18a12b6820aa8c1fb502 \
    --hash=sha256:e44319a2953c738205bf3354537979eaa3998ed673395b964c1176083dd46252 \
    --hash=sha256:e4a010c27ff6f210ff4c6ef34394cd61470d01014439b192ec22552ee867f2a8 \
    --hash=sha256:e823b8b6edc81e747526f70f71a9c0a07ac4e7ad13020aa736bb7c9d67196115 \
    --hash=sha256:e892aff75639bbef0d2a2cfd55535510df26ff92f63c92cd84ef8d4ba5a5557f \
    --hash=sha256:eea7ac5d2dce4189771cedb559c738a71512768210dc4e4753b107a2048b3d0e \
    --hash=sha256:ef4059d6e5152fa1a39f888e344c73fdc926e1b2dd58c771d67b0acfbf2aa67d \
    --hash=sha256:f169b9a863d34f5d11b8698ead99febeaa17a13ca044961aa8e2662a6c7766a0 \
    --hash=sha256:f2cf083b324a467e1ab358c105f6cad5ea950f50524668a80c486ff1db24e119 \
    --hash=sha256:f8474c4241bc18b750be2abea9d7a9ec84f46ef861dbacf86a4f6e043401f79e \
    --hash=sha256:f983334aea213c99992053ede6168500e5f086ce74fbc4acc3f2b00f5762e9db \
    --hash=sha256:f9e75681b59ddaa5e659898085ae0eaea229d054f2ac0c7e563a62205a700121 \
    --hash=sha256:fbc356aae7adf9e6336d336b9c8111d390a05df88f1805573ebb0807bd06fd1d \
    --hash=sha256:fcfe2045fd2e8f3cb0ce9d4ba6dba6333b8fa05bb8a4939c908cd43322d14c7e
    # via
    #   graphistry (setup.py)
    #   pandas
    #   pandas-stubs
packaging==26.0 \
    --hash=sha256:00243ae351a257117b6a241061796684b084ed1c516a08c48a3f7e147a9d80b4 \
    --hash=sha256:b36f1fef9334a5588b4166f8bcd26a14e521f2b55e6b9de3aaa80d3ff7a37529
    # via
    #   graphistry (setup.py)
    #   pytest
palettable==3.3.3 \
    --hash=sha256:094dd7d9a5fc1cca4854773e5c1fc6a315b33bd5b3a8f47064928facaf0490a8 \
    --hash=sha256:74e9e7d7fe5a9be065e02397558ed1777b2df0b793a6f4ce1a5ee74f74fb0caa
    # via graphistry (setup.py)
pandas==3.0.1 \
    --hash=sha256:06aff2ad6f0b94a17822cf8b83bbb563b090ed82ff4fe7712db2ce57cd50d9b8 \
    --hash=sha256:0ab749dfba921edf641d4036c4c21c0b3ea70fea478165cb98a998fb2a261955 \
    --hash=sha256:0f463ebfd8de7f326d38037c7363c6dacb857c5881ab8961fb387804d6daf2f7 \
    --hash=sha256:108dd1790337a494aa80e38def654ca3f0968cf4f362c85f44c15e471667102d \
    --hash=sha256:15860b1fdb1973fffade772fdb931ccf9b2f400a3f5665aef94a00445d7d8dd5 \
    --hash=sha256:1849f0bba9c8a2fb0f691d492b834cc8dadf617e29015c66e989448d58d011ee \
    --hash=sha256:1ff8cf1d2896e34343197685f432450ec99a85ba8d90cce2030c5eee2ef98791 \
    --hash=sha256:24ba315ba3d6e5806063ac6eb717504e499ce30bd8c236d8693a5fd3f084c796 \
    --hash=sha256:331ca75a2f8672c365ae25c0b29e46f5ac0c6551fdace8eec4cd65e4fac271ff \
    --hash=sha256:356e5c055ed9b0da1580d465657bc7d00635af4fd47f30afb23025352ba764d1 \
    --hash=sha256:3b66857e983208654294bb6477b8a63dee26b37bdd0eb34d010556e91261784f \
    --hash=sha256:406ce835c55bac912f2a0dcfaf27c06d73c6b04a5dde45f1fd3169ce31337389 \
    --hash=sha256:4186a699674af418f655dbd420ed87f50d56b4cd6603784279d9eef6627823c8 \
    --hash=sha256:44f1364411d5670efa692b146c748f4ed013df91ee91e9bec5677fb1fd58b937 \
    --hash=sha256:476f84f8c20c9f5bc47252b66b4bb25e1a9fc2fa98cead96744d8116cb85771d \
    --hash=sha256:4a68773d5a778afb31d12e34f7dd4612ab90de8c6fb1d8ffe5d4a03b955082a1 \
    --hash=sha256:4e1b677accee34a09e0dc2ce5624e4a58a1870ffe56fc021e9caf7f23cd7668f \
    --hash=sha256:5272627187b5d9c20e55d27caf5f2cd23e286aba25cadf73c8590e432e2b7262 \
    --hash=sha256:532527a701281b9dd371e2f582ed9094f4c12dd9ffb82c0c54ee28d8ac9520c4 \
    --hash=sha256:536232a5fe26dd989bd633e7a0c450705fdc86a207fec7254a55e9a22950fe43 \
    --hash=sha256:56cf59638bf24dc9bdf2154c81e248b3289f9a09a6d04e63608c159022352749 \
    --hash=sha256:58eeb1b2e0fb322befcf2bbc9ba0af41e616abadb3d3414a6bc7167f6cbfce32 \
    --hash=sha256:5ae2ab1f166668b41e770650101e7090824fd34d17915dd9cd479f5c5e0065e9 \
    --hash=sha256:661e0f665932af88c7877f31da0dc743fe9c8f2524bdffe23d24fdcb67ef9d56 \
    --hash=sha256:6bf0603c2e30e2cafac32807b06435f28741135cb8697eae8b28c7d492fc7d76 \
    --hash=sha256:6c426422973973cae1f4a23e51d4ae85974f44871b24844e4f7de752dd877098 \
    --hash=sha256:75e6e292ff898679e47a2199172593d9f6107fd2dd3617c22c2946e97d5df46e \
    --hash=sha256:830994d7e1f31dd7e790045235605ab61cff6c94defc774547e8b7fdfbff3dc7 \
    --hash=sha256:84f0904a69e7365f79a0c77d3cdfccbfb05bf87847e3a51a41e1426b0edb9c79 \
    --hash=sha256:85fe4c4df62e1e20f9db6ebfb88c844b092c22cd5324bdcf94bfa2fc1b391221 \
    --hash=sha256:93325b0fe372d192965f4cca88d97667f49557398bbf94abdda3bf1b591dbe66 \
    --hash=sha256:94f87a04984d6b63788327cd9f79dda62b7f9043909d2440ceccf709249ca988 \
    --hash=sha256:97ca08674e3287c7148f4858b01136f8bdfe7202ad25ad04fec602dd1d29d132 \
    --hash=sha256:9832c2c69da24b602c32e0c7b1b508a03949c18ba08d4d9f1c1033426685b447 \
    --hash=sha256:99d0f92ed92d3083d140bf6b97774f9f13863924cf3f52a70711f4e7588f9d0a \
    --hash=sha256:9d810036895f9ad6345b8f2a338dd6998a74e8483847403582cab67745bff821 \
    --hash=sha256:9fea306c783e28884c29057a1d9baa11a349bbf99538ec1da44c8476563d1b25 \
    --hash=sha256:a64ce8b0f2de1d2efd2ae40b0abe7f8ae6b29fbfb3812098ed5a6f8e235ad9bf \
    --hash=sha256:a8d37a43c52917427e897cb2e429f67a449327394396a81034a4449b99afda59 \
    --hash=sha256:a9cabbdcd03f1b6cd254d6dda8ae09b0252524be1592594c00b7895916cb1324 \
    --hash=sha256:b03f91ae8c10a85c1613102c7bef5229b5379f343030a3ccefeca8a33414cf35 \
    --hash=sha256:b8e36891080b87823aff3640c78649b91b8ff6eea3c0d70aeabd72ea43ab069b \
    --hash=sha256:c1a9f55e0f46951874b863d1f3906dcb57df2d9be5c5847ba4dfb55b2c815249 \
    --hash=sha256:c3d288439e11b5325b02ae6e9cc83e6805a62c40c5a6220bea9beb899c073b1c \
    --hash=sha256:cd9af1276b5ca9e298bd79a26bda32fa9cc87ed095b2a9a60978d2ca058eaf87 \
    --hash=sha256:d54855f04f8246ed7b6fc96b05d4871591143c46c0b6f4af874764ed0d2d6f06 \
    --hash=sha256:de09668c1bf3b925c07e5762291602f0d789eca1b3a781f99c1c78f6cac0e7ea \
    --hash=sha256:eca8b4510f6763f3d37359c2105df03a7a221a508f30e396a51d0713d462e68a
    # via graphistry (setup.py)
pandas-stubs==3.0.0.260204 \
    --hash=sha256:5ab9e4d55a6e2752e9720828564af40d48c4f709e6a2c69b743014a6fcb6c241 \
    --hash=sha256:bf9294b76352effcffa9cb85edf0bed1339a7ec0c30b8e1ac3d66b4228f1fbc3
    # via graphistry (setup.py)
parso==0.8.6 \
    --hash=sha256:2b9a0332696df97d454fa67b81618fd69c35a7b90327cbe6ba5c92d2c68a7bfd \
    --hash=sha256:2c549f800b70a5c4952197248825584cb00f033b29c692671d3bf08bf380baff
    # via jedi
pathspec==1.0.4 \
    --hash=sha256:0210e2ae8a21a9137c0d470578cb0e595af87edaa6ebf12ff176f14a02e0e645 \
    --hash=sha256:fb6ae2fd4e7c921a165808a552060e722767cfa526f99ca5156ed2ce45a5c723
    # via mypy
pexpect==4.9.0 \
    --hash=sha256:7236d1e080e4936be2dc3e326cec0af72acf9212a7e1d060210e70a47e253523 \
    --hash=sha256:ee7d41123f3c9911050ea2c2dac107568dc43b2d3b0c7557a33212c398ead30f
    # via ipython
pluggy==1.6.0 \
    --hash=sha256:7dcc130b76258d33b90f61b658791dede3486c3e6bfb003ee5c9bfb396dd22f3 \
    --hash=sha256:e920276dd6813095e9377c0bc5566d94c932c33b27a3e3945d8389c374dd4746
    # via pytest
prompt-toolkit==3.0.52 \
    --hash=sha256:28cde192929c8e7321de85de1ddbe736f1375148b02f2e17edd840042b1be855 \
    --hash=sha256:9aac639a3bbd33284347de5ad8d68ecc044b91a762dc39b7c21095fcd6a19955
    # via ipython
ptyprocess==0.7.0 \
    --hash=sha256:4b41f3967fce3af57cc7e94b888626c18bf37a083e3651ca8feeb66d492fef35 \
    --hash=sha256:5c5d0a3b48ceee0b48485e0c26037c0acd7d29765ca3fbb5cb3831d347423220
    # via pexpect
pure-eval==0.2.3 \
    --hash=sha256:1db8e35b67b3d218d818ae653e27f06c3aa420901fa7b081ca98cbedc874e0d0 \
    --hash=sha256:5f4e983f40564c576c7c8635ae88db5956bb2229d7e9237d03b3c0b0190eaf42
    # via stack-data
pyarrow==23.0.1 \
    --hash=sha256:00be9576d970c31defb5c32eb72ef585bf600ef6d0a82d5eccaae96639cf9d07 \
    --hash=sha256:07deae7783782ac7250989a7b2ecde9b3c343a643f82e8a4df03d93b633006f0 \
    --hash=sha256:0ae6e17c828455b6265d590100c295193f93cc5675eb0af59e49dbd00d2de350 \
    --hash=sha256:0b95a3994f015be13c63148fef8832e8a23938128c185ee951c98908a696e0eb \
    --hash=sha256:17cd28e906c18af486a499422740298c52d7c6795344ea5002a7720b4eadf16d \
    --hash=sha256:26d50dee49d741ac0e82185033488d28d35be4d763ae6f321f97d1140eb7a0e9 \
    --hash=sha256:29f7f7419a0e30264ea261fdc0e5fe63ce5a6095003db2945d7cd78df391a7e1 \
    --hash=sha256:33d648dc25b51fd8055c19e4261e813dfc4d2427f068bcecc8b53d01b81b0500 \
    --hash=sha256:3a4c85ef66c134161987c17b147d6bffdca4566f9a4c1d81a0a01cdf08414ea5 \
    --hash=sha256:3c30143b17161310f151f4a2bcfe41b5ff744238c1039338779424e38579d701 \
    --hash=sha256:3f91c038b95f71ddfc865f11d5876c42f343b4495535bd262c7b321b0b94507c \
    --hash=sha256:3fab8f82571844eb3c460f90a75583801d14ca0cc32b1acc8c361650e006fd56 \
    --hash=sha256:46718a220d64677c93bc243af1d44b55998255427588e400677d7192671845c7 \
    --hash=sha256:4982d71350b1a6e5cfe1af742c53dfb759b11ce14141870d05d9e540d13bc5d1 \
    --hash=sha256:527e8d899f14bd15b740cd5a54ad56b7f98044955373a17179d5956ddb93d9ce \
    --hash=sha256:564baf97c858ecc03ec01a41062e8f4698abc3e6e2acd79c01c2e97880a19730 \
    --hash=sha256:5abde149bb3ce524782d838eb67ac095cd3fd6090eba051130589793f1a7f76d \
    --hash=sha256:5c16ed4f53247fa3ffb12a14d236de4213a4415d127fe9cebed33d51671113e2 \
    --hash=sha256:5df1161da23636a70838099d4aaa65142777185cc0cdba4037a18cee7d8db9ca \
    --hash=sha256:5f4763b83c11c16e5f4c15601ba6dfa849e20723b46aa2617cb4bffe8768479f \
    --hash=sha256:6b8fda694640b00e8af3c824f99f789e836720aa8c9379fb435d4c4953a756b8 \
    --hash=sha256:6f0147ee9e0386f519c952cc670eb4a8b05caa594eeffe01af0e25f699e4e9bb \
    --hash=sha256:7044b442f184d84e2351e5084600f0d7343d6117aabcbc1ac78eb1ae11eb4125 \
    --hash=sha256:71c5be5cbf1e1cb6169d2a0980850bccb558ddc9b747b6206435313c47c37677 \
    --hash=sha256:76e823d0e86b4fb5e1cf4a58d293036e678b5a4b03539be933d3b31f9406859f \
    --hash=sha256:7707d2b6673f7de054e2e83d59f9e805939038eebe1763fe811ee8fa5c0cd1a7 \
    --hash=sha256:813d99f31275919c383aab17f0f455a04f5a429c261cc411b1e9a8f5e4aaaa05 \
    --hash=sha256:86ff03fb9f1a320266e0de855dee4b17da6794c595d207f89bba40d16b5c78b9 \
    --hash=sha256:8ff51b1addc469b9444b7c6f3548e19dc931b172ab234e995a60aea9f6e6025f \
    --hash=sha256:9b6f4f17b43bc39d56fec96e53fe89d94bac3eb134137964371b45352d40d0c2 \
    --hash=sha256:9fc13fc6c403d1337acab46a2c4346ca6c9dec5780c3c697cf8abfd5e19b6b37 \
    --hash=sha256:a09f3876e87f48bc2f13583ab551f0379e5dfb83210391e68ace404181a20690 \
    --hash=sha256:a35581e856a2fafa12f3f54fce4331862b1cfb0bef5758347a858a4aa9d6bae8 \
    --hash=sha256:a62e1899e3078bf65943078b3ad2a6ddcacf2373bc06379aac61b1e548a75814 \
    --hash=sha256:b8c5873e33440b2bc2f4a79d2b47017a89c5a24116c055625e6f2ee50523f019 \
    --hash=sha256:bf5842f960cddd2ef757d486041d57c96483efc295a8c4a0e20e704cbbf39c67 \
    --hash=sha256:c2139549494445609f35a5cda4eb94e2c9e4d704ce60a095b342f82460c73a83 \
    --hash=sha256:c250248f1fe266db627921c89b47b7c06fee0489ad95b04d50353537d74d6886 \
    --hash=sha256:c33b5bf406284fd0bba436ed6f6c3ebe8e311722b441d89397c54f871c6863a2 \
    --hash=sha256:cd395abf8f91c673dd3589cadc8cc1ee4e8674fa61b2e923c8dd215d9c7d1f41 \
    --hash=sha256:cecfb12ef629cf6be0b1887f9f86463b0dd3dc3195ae6224e74006be4736035a \
    --hash=sha256:d0744403adabef53c985a7f8a082b502a368510c40d184df349a0a8754533258 \
    --hash=sha256:db2190fa79c80a23fdd29fef4b8992893f024ae7c17d2f5f4db7171fa30c2c78 \
    --hash=sha256:ddf743e82f69dcd6dbbcb63628895d7161e04e56794ef80550ac6f3315eeb1d5 \
    --hash=sha256:df088e8f640c9fae3b1f495b3c64755c4e719091caf250f3a74d095ddf3c836d \
    --hash=sha256:e052a211c5ac9848ae15d5ec875ed0943c0221e2fcfe69eee80b604b4e703222 \
    --hash=sha256:f00f993a8179e0e1c9713bcc0baf6d6c01326a406a9c23495ec1ba9c9ebf2919 \
    --hash=sha256:f4b0dbfa124c0bb161f8b5ebb40f1a680b70279aa0c9901d44a2b5a20806039f \
    --hash=sha256:fa8e51cb04b9f8c9c5ace6bab63af9a1f88d35c0d6cbf53e8c17c098552285e1 \
    --hash=sha256:fed7020203e9ef273360b9e45be52a2a47d3103caf156a30ace5247ffb51bdbd
    # via graphistry (setup.py)
pygments==2.20.0 \
    --hash=sha256:6757cd03768053ff99f3039c1a36d6c0aa0b263438fcab17520b30a303a82b5f \
    --hash=sha256:81a9e26dd42fd28a23a2d169d86d7ac03b46e2f8b59ed4698fb4785f946d0176
    # via
    #   ipython
    #   ipython-pygments-lexers
    #   pytest
pytest==9.0.2 \
    --hash=sha256:711ffd45bf766d5264d487b917733b453d917afd2b0ad65223959f59089f875b \
    --hash=sha256:75186651a92bd89611d1d9fc20f0b4345fd827c41ccd5c299a868a05d70edf11
    # via
    #   graphistry (setup.py)
    #   pytest-xdist
pytest-xdist==3.8.0 \
    --hash=sha256:202ca578cfeb7370784a8c33d6d05bc6e13b4f25b5053c30a152269fd10f0b88 \
    --hash=sha256:7e578125ec9bc6050861aa93f2d59f1d8d085595d6551c2c90b6f4fad8d3a9f1
    # via graphistry (setup.py)
python-dateutil==2.9.0.post0 \
    --hash=sha256:37dd54208da7e1cd875388217d5e00ebd4179249f90fb72437e91a35459a0ad3 \
    --hash=sha256:a8b2bc7bffae282281c8140a97d3aa9c14da0b136dfe83f850eea9a5f7470427
    # via pandas
requests==2.33.0 \
    --hash=sha256:3324635456fa185245e24865e810cecec7b4caf933d7eb133dcde67d48cee69b \
    --hash=sha256:c7ebc5e8b0f21837386ad0e1c8fe8b829fa5f544d8df3b2253bff14ef29d7652
    # via graphistry (setup.py)
ruff==0.15.8 \
    --hash=sha256:04f79eff02a72db209d47d665ba7ebcad609d8918a134f86cb13dd132159fc89 \
    --hash=sha256:0f29b989a55572fb885b77464cf24af05500806ab4edf9a0fd8977f9759d85b1 \
    --hash=sha256:12e617fc01a95e5821648a6df341d80456bd627bfab8a829f7cfc26a14a4b4a3 \
    --hash=sha256:2033f963c43949d51e6fdccd3946633c6b37c484f5f98c3035f49c27395a8ab8 \
    --hash=sha256:432701303b26416d22ba696c39f2c6f12499b89093b61360abc34bcc9bf07762 \
    --hash=sha256:6ee3ae5c65a42f273f126686353f2e08ff29927b7b7e203b711514370d500de3 \
    --hash=sha256:75e5cd06b1cf3f47a3996cfc999226b19aa92e7cce682dcd62f80d7035f98f49 \
    --hash=sha256:8d9a5b8ea13f26ae90838afc33f91b547e61b794865374f114f349e9036835fb \
    --hash=sha256:995f11f63597ee362130d1d5a327a87cb6f3f5eae3094c620bcc632329a4d26e \
    --hash=sha256:ac51d486bf457cdc985a412fb1801b2dfd1bd8838372fc55de64b1510eff4bec \
    --hash=sha256:bc1f0a51254ba21767bfa9a8b5013ca8149dcf38092e6a9eb704d876de94dc34 \
    --hash=sha256:c2a33a529fb3cbc23a7124b5c6ff121e4d6228029cba374777bd7649cc8598b8 \
    --hash=sha256:c9861eb959edab053c10ad62c278835ee69ca527b6dcd72b47d5c1e5648964f6 \
    --hash=sha256:cbe05adeba76d58162762d6b239c9056f1a15a55bd4b346cfd21e26cd6ad7bc7 \
    --hash=sha256:cf891fa8e3bb430c0e7fac93851a5978fc99c8fa2c053b57b118972866f8e5f2 \
    --hash=sha256:d3e3d0b6ba8dca1b7ef9ab80a28e840a20070c4b62e56d675c24f366ef330570 \
    --hash=sha256:d910ae974b7a06a33a057cb87d2a10792a3b2b3b35e33d2699fdf63ec8f6b17a \
    --hash=sha256:fdce027ada77baa448077ccc6ebb2fa9c3c62fd110d8659d601cf2f475858d94
    # via graphistry (setup.py)
setuptools==82.0.1 \
    --hash=sha256:7d872682c5d01cfde07da7bccc7b65469d3dca203318515ada1de5eda35efbf9 \
    --hash=sha256:a59e362652f08dcd477c78bb6e7bd9d80a7995bc73ce773050228a348ce2e5bb
    # via graphistry (setup.py)
six==1.17.0 \
    --hash=sha256:4721f391ed90541fddacab5acf947aa0d3dc7d27b2e1e8eda2be8970586c3274 \
    --hash=sha256:ff70335d468e7eb6ec65b95b99d3a2836546063f63acc5171de367e834932a81
    # via python-dateutil
sortedcontainers==2.4.0 \
    --hash=sha256:25caa5a06cc30b6b83d11423433f65d1f9d76c4c6a0c90e3379eaa43b9bfdb88 \
    --hash=sha256:a163dcaede0f1c021485e957a39245190e74249897e2ae4b2aa38595db237ee0
    # via hypothesis
squarify==0.4.4 \
    --hash=sha256:b8a110c8dc5f1cd1402ca12d79764a081e90bfc445346cfa166df929753ecb46 \
    --hash=sha256:d7597724e29d48aa14fd2f551060d6b09e1f0a67e4cd3ea329fe03b4c9a56f11
    # via graphistry (setup.py)
stack-data==0.6.3 \
    --hash=sha256:836a778de4fec4dcd1dcd89ed8abff8a221f58308462e1c4aa2a3cf30148f0b9 \
    --hash=sha256:d5558e0c25a4cb0853cddad3d77da9891a08cb85dd9f9f91b9f8cd66e511e695
    # via ipython
traitlets==5.14.3 \
    --hash=sha256:9ed0579d3502c94b4b3732ac120375cda96f923114522847de4b3bb98b96b6b7 \
    --hash=sha256:b74e89e397b1ed28cc831db7aea759ba6640cb3de13090ca145426688ff1ac4f
    # via
    #   ipython
    #   matplotlib-inline
types-defusedxml==0.7.0.20250822 \
    --hash=sha256:5ee219f8a9a79c184773599ad216123aedc62a969533ec36737ec98601f20dcf \
    --hash=sha256:ba6c395105f800c973bba8a25e41b215483e55ec79c8ca82b6fe90ba0bc3f8b2
    # via graphistry (setup.py)
types-requests==2.33.0.20260327 \
    --hash=sha256:f4f74f0b44f059e3db420ff17bd1966e3587cdd34062fe38a23cda97868f8dd8 \
    --hash=sha256:fde0712be6d7c9a4d490042d6323115baf872d9a71a22900809d0432de15776e
    # via
    #   graphistry (setup.py)
    #   types-tqdm
types-tqdm==4.67.3.20260303 \
    --hash=sha256:459decf677e4b05cef36f9012ef8d6e20578edefb6b78c15bd0b546247eda62d \
    --hash=sha256:7bfddb506a75aedb4030fabf4f05c5638c9a3bbdf900d54ec6c82be9034bfb96
    # via graphistry (setup.py)
typing-extensions==4.15.0 \
    --hash=sha256:0cea48d173cc12fa28ecabc3b837ea3cf6f38c6d1136f85cbaaf598984861466 \
    --hash=sha256:f0fa19c6845758ab08074a0cfa8b7aecb71c999ca73d62883bc25cc018c4e548
    # via
    #   graphistry (setup.py)
    #   mypy
urllib3==2.6.3 \
    --hash=sha256:1b62b6884944a57dbe321509ab94fd4d3b307075e0c2eae991ac71ee15ad38ed \
    --hash=sha256:bf272323e553dfb2e87d9bfd225ca7b0f467b919d7bbd355436d3fd37cb0acd4
    # via
    #   requests
    #   types-requests
wcwidth==0.6.0 \
    --hash=sha256:1a3a1e510b553315f8e146c54764f4fb6264ffad731b3d78088cdb1478ffbdad \
    --hash=sha256:cdc4e4262d6ef9a1a57e018384cbeb1208d8abbc64176027e2c2455c81313159
    # via prompt-toolkit
