# This file was autogenerated by uv via the following command:
#    uv pip compile setup.py --extra test --extra bolt --extra nodexl --generate-hashes --exclude-newer 2026-03-29T23:56:51Z --python-version 3.8 -o requirements/test-compat.lock
asttokens==3.0.1 \
    --hash=sha256:15a3ebc0f43c2d0a50eeafea25e19046c68398e487b9f1f5b517f7c0f40f976a \
    --hash=sha256:71a4ee5de0bde6a31d64f6b13f2293ac190344478f081c3d1bccfcf5eacb0cb7
    # via stack-data
attrs==25.3.0 \
    --hash=sha256:427318ce031701fea540783410126f03899a97ffc6f61596ad581ac2e40e3bc3 \
    --hash=sha256:75d7cefc7fb576747b2c81b4442d4d4a1ce0900973527c011d1030fd3bf4af1b
    # via hypothesis
backcall==0.2.0 \
    --hash=sha256:5cbdbf27be5e7cfadb448baf0aa95508f91f2bbc6c6437cd9cd06e2a4c215e1e \
    --hash=sha256:fbbce6a29f263178a1f7915c1940bde0ec2b2a967566fe1c65c1dfb7422bd255
    # via ipython
certifi==2026.2.25 \
    --hash=sha256:027692e4402ad994f1c42e52a4997a9763c646b73e4096e4d5d6db8af1d6f0fa \
    --hash=sha256:e887ab5cee78ea814d3472169153c2d12cd43b14bd03329a39a9c6e2e80bfba7
    # via requests
charset-normalizer==3.4.6 \
    --hash=sha256:06a7e86163334edfc5d20fe104db92fcd666e5a5df0977cb5680a506fe26cc8e \
    --hash=sha256:0c173ce3a681f309f31b87125fecec7a5d1347261ea11ebbb856fa6006b23c8c \
    --hash=sha256:0e28d62a8fc7a1fa411c43bd65e346f3bce9716dc51b897fbe930c5987b402d5 \
    --hash=sha256:0e901eb1049fdb80f5bd11ed5ea1e498ec423102f7a9b9e4645d5b8204ff2815 \
    --hash=sha256:11afb56037cbc4b1555a34dd69151e8e069bee82e613a73bef6e714ce733585f \
    --hash=sha256:150b8ce8e830eb7ccb029ec9ca36022f756986aaaa7956aad6d9ec90089338c0 \
    --hash=sha256:172985e4ff804a7ad08eebec0a1640ece87ba5041d565fff23c8f99c1f389484 \
    --hash=sha256:197c1a244a274bb016dd8b79204850144ef77fe81c5b797dc389327adb552407 \
    --hash=sha256:1ae6b62897110aa7c79ea2f5dd38d1abca6db663687c0b1ad9aed6f6bae3d9d6 \
    --hash=sha256:1cf0a70018692f85172348fe06d3a4b63f94ecb055e13a00c644d368eb82e5b8 \
    --hash=sha256:1ed80ff870ca6de33f4d953fda4d55654b9a2b340ff39ab32fa3adbcd718f264 \
    --hash=sha256:22c6f0c2fbc31e76c3b8a86fba1a56eda6166e238c29cdd3d14befdb4a4e4815 \
    --hash=sha256:231d4da14bcd9301310faf492051bee27df11f2bc7549bc0bb41fef11b82daa2 \
    --hash=sha256:259695e2ccc253feb2a016303543d691825e920917e31f894ca1a687982b1de4 \
    --hash=sha256:2a24157fa36980478dd1770b585c0f30d19e18f4fb0c47c13aa568f871718579 \
    --hash=sha256:2b1a63e8224e401cafe7739f77efd3f9e7f5f2026bda4aead8e59afab537784f \
    --hash=sha256:2bd9d128ef93637a5d7a6af25363cf5dec3fa21cf80e68055aad627f280e8afa \
    --hash=sha256:2e1d8ca8611099001949d1cdfaefc510cf0f212484fe7c565f735b68c78c3c95 \
    --hash=sha256:2ef7fedc7a6ecbe99969cd09632516738a97eeb8bd7258bf8a0f23114c057dab \
    --hash=sha256:2f7fdd9b6e6c529d6a2501a2d36b240109e78a8ceaef5687cfcfa2bbe671d297 \
    --hash=sha256:30f445ae60aad5e1f8bdbb3108e39f6fbc09f4ea16c815c66578878325f8f15a \
    --hash=sha256:31215157227939b4fb3d740cd23fe27be0439afef67b785a1eb78a3ae69cba9e \
    --hash=sha256:34315ff4fc374b285ad7f4a0bf7dcbfe769e1b104230d40f49f700d4ab6bbd84 \
    --hash=sha256:3516bbb8d42169de9e61b8520cbeeeb716f12f4ecfe3fd30a9919aa16c806ca8 \
    --hash=sha256:3778fd7d7cd04ae8f54651f4a7a0bd6e39a0cf20f801720a4c21d80e9b7ad6b0 \
    --hash=sha256:39f5068d35621da2881271e5c3205125cc456f54e9030d3f723288c873a71bf9 \
    --hash=sha256:404a1e552cf5b675a87f0651f8b79f5f1e6fd100ee88dc612f89aa16abd4486f \
    --hash=sha256:419a9d91bd238052642a51938af8ac05da5b3343becde08d5cdeab9046df9ee1 \
    --hash=sha256:423fb7e748a08f854a08a222b983f4df1912b1daedce51a72bd24fe8f26a1843 \
    --hash=sha256:4482481cb0572180b6fd976a4d5c72a30263e98564da68b86ec91f0fe35e8565 \
    --hash=sha256:461598cd852bfa5a61b09cae2b1c02e2efcd166ee5516e243d540ac24bfa68a7 \
    --hash=sha256:47955475ac79cc504ef2704b192364e51d0d473ad452caedd0002605f780101c \
    --hash=sha256:48696db7f18afb80a068821504296eb0787d9ce239b91ca15059d1d3eaacf13b \
    --hash=sha256:4be9f4830ba8741527693848403e2c457c16e499100963ec711b1c6f2049b7c7 \
    --hash=sha256:4d1d02209e06550bdaef34af58e041ad71b88e624f5d825519da3a3308e22687 \
    --hash=sha256:4f41da960b196ea355357285ad1316a00099f22d0929fe168343b99b254729c9 \
    --hash=sha256:517ad0e93394ac532745129ceabdf2696b609ec9f87863d337140317ebce1c14 \
    --hash=sha256:51fb3c322c81d20567019778cb5a4a6f2dc1c200b886bc0d636238e364848c89 \
    --hash=sha256:5273b9f0b5835ff0350c0828faea623c68bfa65b792720c453e22b25cc72930f \
    --hash=sha256:530d548084c4a9f7a16ed4a294d459b4f229db50df689bfe92027452452943a0 \
    --hash=sha256:530e8cebeea0d76bdcf93357aa5e41336f48c3dc709ac52da2bb167c5b8271d9 \
    --hash=sha256:54fae94be3d75f3e573c9a1b5402dc593de19377013c9a0e4285e3d402dd3a2a \
    --hash=sha256:572d7c822caf521f0525ba1bce1a622a0b85cf47ffbdae6c9c19e3b5ac3c4389 \
    --hash=sha256:58c948d0d086229efc484fe2f30c2d382c86720f55cd9bc33591774348ad44e0 \
    --hash=sha256:5d11595abf8dd942a77883a39d81433739b287b6aa71620f15164f8096221b30 \
    --hash=sha256:5f8ddd609f9e1af8c7bd6e2aca279c931aefecd148a14402d4e368f3171769fd \
    --hash=sha256:5feb91325bbceade6afab43eb3b508c63ee53579fe896c77137ded51c6b6958e \
    --hash=sha256:60c74963d8350241a79cb8feea80e54d518f72c26db618862a8f53e5023deaf9 \
    --hash=sha256:613f19aa6e082cf96e17e3ffd89383343d0d589abda756b7764cf78361fd41dc \
    --hash=sha256:659a1e1b500fac8f2779dd9e1570464e012f43e580371470b45277a27baa7532 \
    --hash=sha256:695f5c2823691a25f17bc5d5ffe79fa90972cc34b002ac6c843bb8a1720e950d \
    --hash=sha256:69dd852c2f0ad631b8b60cfbe25a28c0058a894de5abb566619c205ce0550eae \
    --hash=sha256:6cceb5473417d28edd20c6c984ab6fee6c6267d38d906823ebfe20b03d607dc2 \
    --hash=sha256:71be7e0e01753a89cf024abf7ecb6bca2c81738ead80d43004d9b5e3f1244e64 \
    --hash=sha256:74119174722c4349af9708993118581686f343adc1c8c9c007d59be90d077f3f \
    --hash=sha256:74a2e659c7ecbc73562e2a15e05039f1e22c75b7c7618b4b574a3ea9118d1557 \
    --hash=sha256:7504e9b7dc05f99a9bbb4525c67a2c155073b44d720470a148b34166a69c054e \
    --hash=sha256:79090741d842f564b1b2827c0b82d846405b744d31e84f18d7a7b41c20e473ff \
    --hash=sha256:7a6967aaf043bceabab5412ed6bd6bd26603dae84d5cb75bf8d9a74a4959d398 \
    --hash=sha256:7bda6eebafd42133efdca535b04ccb338ab29467b3f7bf79569883676fc628db \
    --hash=sha256:7edbed096e4a4798710ed6bc75dcaa2a21b68b6c356553ac4823c3658d53743a \
    --hash=sha256:7f9019c9cb613f084481bd6a100b12e1547cf2efe362d873c2e31e4035a6fa43 \
    --hash=sha256:802168e03fba8bbc5ce0d866d589e4b1ca751d06edee69f7f3a19c5a9fe6b597 \
    --hash=sha256:80d0a5615143c0b3225e5e3ef22c8d5d51f3f72ce0ea6fb84c943546c7b25b6c \
    --hash=sha256:82060f995ab5003a2d6e0f4ad29065b7672b6593c8c63559beefe5b443242c3e \
    --hash=sha256:836ab36280f21fc1a03c99cd05c6b7af70d2697e374c7af0b61ed271401a72a2 \
    --hash=sha256:8761ac29b6c81574724322a554605608a9960769ea83d2c73e396f3df896ad54 \
    --hash=sha256:87725cfb1a4f1f8c2fc9890ae2f42094120f4b44db9360be5d99a4c6b0e03a9e \
    --hash=sha256:899d28f422116b08be5118ef350c292b36fc15ec2daeb9ea987c89281c7bb5c4 \
    --hash=sha256:8bc5f0687d796c05b1e28ab0d38a50e6309906ee09375dd3aff6a9c09dd6e8f4 \
    --hash=sha256:8bea55c4eef25b0b19a0337dc4e3f9a15b00d569c77211fa8cde38684f234fb7 \
    --hash=sha256:8e5a94886bedca0f9b78fecd6afb6629142fd2605aa70a125d49f4edc6037ee6 \
    --hash=sha256:90ca27cd8da8118b18a52d5f547859cc1f8354a00cd1e8e5120df3e30d6279e5 \
    --hash=sha256:92734d4d8d187a354a556626c221cd1a892a4e0802ccb2af432a1d85ec012194 \
    --hash=sha256:947cf925bc916d90adba35a64c82aace04fa39b46b52d4630ece166655905a69 \
    --hash=sha256:95b52c68d64c1878818687a473a10547b3292e82b6f6fe483808fb1468e2f52f \
    --hash=sha256:97d0235baafca5f2b09cf332cc275f021e694e8362c6bb9c96fc9a0eb74fc316 \
    --hash=sha256:9ca4c0b502ab399ef89248a2c84c54954f77a070f28e546a85e91da627d1301e \
    --hash=sha256:9cc4fc6c196d6a8b76629a70ddfcd4635a6898756e2d9cac5565cf0654605d73 \
    --hash=sha256:9cc6e6d9e571d2f863fa77700701dae73ed5f78881efc8b3f9a4398772ff53e8 \
    --hash=sha256:a056d1ad2633548ca18ffa2f85c202cfb48b68615129143915b8dc72a806a923 \
    --hash=sha256:a26611d9987b230566f24a0a125f17fe0de6a6aff9f25c9f564aaa2721a5fb88 \
    --hash=sha256:a4474d924a47185a06411e0064b803c68be044be2d60e50e8bddcc2649957c1f \
    --hash=sha256:a4ea868bc28109052790eb2b52a9ab33f3aa7adc02f96673526ff47419490e21 \
    --hash=sha256:a9e68c9d88823b274cf1e72f28cb5dc89c990edf430b0bfd3e2fb0785bfeabf4 \
    --hash=sha256:aa9cccf4a44b9b62d8ba8b4dd06c649ba683e4bf04eea606d2e94cfc2d6ff4d6 \
    --hash=sha256:ab30e5e3e706e3063bc6de96b118688cb10396b70bb9864a430f67df98c61ecc \
    --hash=sha256:ac2393c73378fea4e52aa56285a3d64be50f1a12395afef9cce47772f60334c2 \
    --hash=sha256:ad8faf8df23f0378c6d527d8b0b15ea4a2e23c89376877c598c4870d1b2c7866 \
    --hash=sha256:b35b200d6a71b9839a46b9b7fff66b6638bb52fc9658aa58796b0326595d3021 \
    --hash=sha256:b3694e3f87f8ac7ce279d4355645b3c878d24d1424581b46282f24b92f5a4ae2 \
    --hash=sha256:b4ff1d35e8c5bd078be89349b6f3a845128e685e751b6ea1169cf2160b344c4d \
    --hash=sha256:bbc8c8650c6e51041ad1be191742b8b421d05bbd3410f43fa2a00c8db87678e8 \
    --hash=sha256:bc72863f4d9aba2e8fd9085e63548a324ba706d2ea2c83b260da08a59b9482de \
    --hash=sha256:bf625105bb9eef28a56a943fec8c8a98aeb80e7d7db99bd3c388137e6eb2d237 \
    --hash=sha256:c2274ca724536f173122f36c98ce188fd24ce3dad886ec2b7af859518ce008a4 \
    --hash=sha256:c45a03a4c69820a399f1dda9e1d8fbf3562eda46e7720458180302021b08f778 \
    --hash=sha256:c8ae56368f8cc97c7e40a7ee18e1cedaf8e780cd8bc5ed5ac8b81f238614facb \
    --hash=sha256:c907cdc8109f6c619e6254212e794d6548373cc40e1ec75e6e3823d9135d29cc \
    --hash=sha256:ca0276464d148c72defa8bb4390cce01b4a0e425f3b50d1435aa6d7a18107602 \
    --hash=sha256:cd5e2801c89992ed8c0a3f0293ae83c159a60d9a5d685005383ef4caca77f2c4 \
    --hash=sha256:d08ec48f0a1c48d75d0356cea971921848fb620fdeba805b28f937e90691209f \
    --hash=sha256:d1a2ee9c1499fc8f86f4521f27a973c914b211ffa87322f4ee33bb35392da2c5 \
    --hash=sha256:d5f5d1e9def3405f60e3ca8232d56f35c98fb7bf581efcc60051ebf53cb8b611 \
    --hash=sha256:d60377dce4511655582e300dc1e5a5f24ba0cb229005a1d5c8d0cb72bb758ab8 \
    --hash=sha256:d73beaac5e90173ac3deb9928a74763a6d230f494e4bfb422c217a0ad8e629bf \
    --hash=sha256:d7de2637729c67d67cf87614b566626057e95c303bc0a55ffe391f5205e7003d \
    --hash=sha256:dad6e0f2e481fffdcf776d10ebee25e0ef89f16d691f1e5dee4b586375fdc64b \
    --hash=sha256:dda86aba335c902b6149a02a55b38e96287157e609200811837678214ba2b1db \
    --hash=sha256:df01808ee470038c3f8dc4f48620df7225c49c2d6639e38f96e6d6ac6e6f7b0e \
    --hash=sha256:e1f6e2f00a6b8edb562826e4632e26d063ac10307e80f7461f7de3ad8ef3f077 \
    --hash=sha256:e25369dc110d58ddf29b949377a93e0716d72a24f62bad72b2b39f155949c1fd \
    --hash=sha256:e3c701e954abf6fc03a49f7c579cc80c2c6cc52525340ca3186c41d3f33482ef \
    --hash=sha256:e5bcc1a1ae744e0bb59641171ae53743760130600da8db48cbb6e4918e186e4e \
    --hash=sha256:e68c14b04827dd76dcbd1aeea9e604e3e4b78322d8faf2f8132c7138efa340a8 \
    --hash=sha256:e8aeb10fcbe92767f0fa69ad5a72deca50d0dca07fbde97848997d778a50c9fe \
    --hash=sha256:e985a16ff513596f217cee86c21371b8cd011c0f6f056d0920aa2d926c544058 \
    --hash=sha256:ecbbd45615a6885fe3240eb9db73b9e62518b611850fdf8ab08bd56de7ad2b17 \
    --hash=sha256:ee4ec14bc1680d6b0afab9aea2ef27e26d2024f18b24a2d7155a52b60da7e833 \
    --hash=sha256:ef5960d965e67165d75b7c7ffc60a83ec5abfc5c11b764ec13ea54fbef8b4421 \
    --hash=sha256:f0cdaecd4c953bfae0b6bb64910aaaca5a424ad9c72d85cb88417bb9814f7550 \
    --hash=sha256:f1ce721c8a7dfec21fcbdfe04e8f68174183cf4e8188e0645e92aa23985c57ff \
    --hash=sha256:f50498891691e0864dc3da965f340fada0771f6142a378083dc4608f4ea513e2 \
    --hash=sha256:f5ea69428fa1b49573eef0cc44a1d43bebd45ad0c611eb7d7eac760c7ae771bc \
    --hash=sha256:f61aa92e4aad0be58eb6eb4e0c21acf32cf8065f4b2cae5665da756c4ceef982 \
    --hash=sha256:f6e4333fb15c83f7d1482a76d45a0818897b3d33f00efd215528ff7c51b8e35d \
    --hash=sha256:f820f24b09e3e779fe84c3c456cb4108a7aa639b0d1f02c28046e11bfcd088ed \
    --hash=sha256:f98059e4fcd3e3e4e2d632b7cf81c2faae96c43c60b569e9c621468082f1d104 \
    --hash=sha256:fcce033e4021347d80ed9c66dcf1e7b1546319834b74445f561d2e2221de5659
    # via requests
decorator==5.2.1 \
    --hash=sha256:65f266143752f734b0a7cc83c46f4618af75b8c5911b00ccb61d0ac9b6da0360 \
    --hash=sha256:d316bb415a2d9e2d2b3abcc4084c6502fc09240e292cd76a76afc106a1c8e04a
    # via ipython
et-xmlfile==2.0.0 \
    --hash=sha256:7a91720bc756843502c3b7504c77b8fe44217c85c537d85037f0f536151b2caa \
    --hash=sha256:dab3f4764309081ce75662649be815c4c9081e88f0837825f90fd28317d4da54
    # via openpyxl
exceptiongroup==1.3.1 \
    --hash=sha256:8b412432c6055b0b7d14c310000ae93352ed6754f70fa8f7c34141f91c4e3219 \
    --hash=sha256:a7a39a3bd276781e98394987d3a5701d0c4edffb633bb7a5144577f82c773598
    # via
    #   hypothesis
    #   pytest
execnet==2.1.2 \
    --hash=sha256:63d83bfdd9a23e35b9c6a3261412324f964c2ec8dcd8d3c6916ee9373e0befcd \
    --hash=sha256:67fba928dd5a544b783f6056f449e5e3931a5c378b128bc18501f7ea79e296ec
    # via pytest-xdist
executing==2.2.1 \
    --hash=sha256:3632cc370565f6648cc328b32435bd120a1e4ebb20c77e3fdde9a13cd1e533c4 \
    --hash=sha256:760643d3452b4d777d295bb167ccc74c64a81df23fb5e08eff250c425a4b2017
    # via stack-data
hypothesis==6.113.0 \
    --hash=sha256:5556ac66fdf72a4ccd5d237810f7cf6bdcd00534a4485015ef881af26e20f7c7 \
    --hash=sha256:d539180eb2bb71ed28a23dfe94e67c851f9b09f3ccc4125afad43f17e32e2bad
    # via graphistry (setup.py)
idna==3.11 \
    --hash=sha256:771a87f49d9defaf64091e6e6fe9c18d4833f140bd19464795bc32d966ca37ea \
    --hash=sha256:795dafcc9c04ed0c1fb032c2aa73654d8e8c5023a7df64a53f39190ada629902
    # via requests
iniconfig==2.1.0 \
    --hash=sha256:3abbd2e30b36733fee78f9c7f7308f2d0050e88f0087fd25c2645f63c773e1c7 \
    --hash=sha256:9deba5723312380e77435581c6bf4935c94cbfab9b1ed33ef8d238ea168eb760
    # via pytest
ipython==8.12.3 \
    --hash=sha256:3910c4b54543c2ad73d06579aa771041b7d5707b033bd488669b4cf544e3b363 \
    --hash=sha256:b0340d46a933d27c657b211a329d0be23793c36595acf9e6ef4164bc01a1804c
    # via graphistry (setup.py)
jedi==0.19.2 \
    --hash=sha256:4770dc3de41bde3966b02eb84fbcf557fb33cce26ad23da12c742fb50ecb11f0 \
    --hash=sha256:a8ef22bde8490f57fe5c7681a3c83cb58874daf72b4784de3cce5b6ef6edb5b9
    # via ipython
lark==1.3.1 \
    --hash=sha256:b426a7a6d6d53189d318f2b6236ab5d6429eaf09259f1ca33eb716eed10d2905 \
    --hash=sha256:c629b661023a014c37da873b4ff58a817398d12635d3bbb2c5a03be7fe5d1e12
    # via graphistry (setup.py)
matplotlib-inline==0.1.7 \
    --hash=sha256:8423b23ec666be3d16e16b60bdd8ac4e86e840ebd1dd11a30b9f117f2fa0ab90 \
    --hash=sha256:df192d39a4ff8f21b1895d72e6a13f5fcc5099f00fa84384e0ea28c2cc0653ca
    # via ipython
mock==5.2.0 \
    --hash=sha256:4e460e818629b4b173f32d08bf30d3af8123afbb8e04bb5707a1fd4799e503f0 \
    --hash=sha256:7ba87f72ca0e915175596069dbbcc7c75af7b5e9b9bc107ad6349ede0819982f
    # via graphistry (setup.py)
mypy==1.14.1 \
    --hash=sha256:07ba89fdcc9451f2ebb02853deb6aaaa3d2239a236669a63ab3801bbf923ef5c \
    --hash=sha256:0c911fde686394753fff899c409fd4e16e9b294c24bfd5e1ea4675deae1ac6fd \
    --hash=sha256:183cf0a45457d28ff9d758730cd0210419ac27d4d3f285beda038c9083363b1f \
    --hash=sha256:1fb545ca340537d4b45d3eecdb3def05e913299ca72c290326be19b3804b39c0 \
    --hash=sha256:27fc248022907e72abfd8e22ab1f10e903915ff69961174784a3900a8cba9ad9 \
    --hash=sha256:2ae753f5c9fef278bcf12e1a564351764f2a6da579d4a81347e1d5a15819997b \
    --hash=sha256:30ff5ef8519bbc2e18b3b54521ec319513a26f1bba19a7582e7b1f58a6e69f14 \
    --hash=sha256:3888a1816d69f7ab92092f785a462944b3ca16d7c470d564165fe703b0970c35 \
    --hash=sha256:44bf464499f0e3a2d14d58b54674dee25c031703b2ffc35064bd0df2e0fac319 \
    --hash=sha256:46c756a444117c43ee984bd055db99e498bc613a70bbbc120272bd13ca579fbc \
    --hash=sha256:499d6a72fb7e5de92218db961f1a66d5f11783f9ae549d214617edab5d4dbdbb \
    --hash=sha256:52686e37cf13d559f668aa398dd7ddf1f92c5d613e4f8cb262be2fb4fedb0fcb \
    --hash=sha256:553c293b1fbdebb6c3c4030589dab9fafb6dfa768995a453d8a5d3b23784af2e \
    --hash=sha256:57961db9795eb566dc1d1b4e9139ebc4c6b0cb6e7254ecde69d1552bf7613f60 \
    --hash=sha256:7084fb8f1128c76cd9cf68fe5971b37072598e7c31b2f9f95586b65c741a9d31 \
    --hash=sha256:7d54bd85b925e501c555a3227f3ec0cfc54ee8b6930bd6141ec872d1c572f81f \
    --hash=sha256:7ec88144fe9b510e8475ec2f5f251992690fcf89ccb4500b214b4226abcd32d6 \
    --hash=sha256:8b21525cb51671219f5307be85f7e646a153e5acc656e5cebf64bfa076c50107 \
    --hash=sha256:8b4e3413e0bddea671012b063e27591b953d653209e7a4fa5e48759cda77ca11 \
    --hash=sha256:8c6d94b16d62eb3e947281aa7347d78236688e21081f11de976376cf010eb31a \
    --hash=sha256:8edc07eeade7ebc771ff9cf6b211b9a7d93687ff892150cb5692e4f4272b0837 \
    --hash=sha256:8f845a00b4f420f693f870eaee5f3e2692fa84cc8514496114649cfa8fd5e2c6 \
    --hash=sha256:8fa2220e54d2946e94ab6dbb3ba0a992795bd68b16dc852db33028df2b00191b \
    --hash=sha256:90716d8b2d1f4cd503309788e51366f07c56635a3309b0f6a32547eaaa36a64d \
    --hash=sha256:92c3ed5afb06c3a8e188cb5da4984cab9ec9a77ba956ee419c68a388b4595255 \
    --hash=sha256:ad3301ebebec9e8ee7135d8e3109ca76c23752bac1e717bc84cd3836b4bf3eae \
    --hash=sha256:b66a60cc4073aeb8ae00057f9c1f64d49e90f918fbcef9a977eb121da8b8f1d1 \
    --hash=sha256:ba24549de7b89b6381b91fbc068d798192b1b5201987070319889e93038967a8 \
    --hash=sha256:bce23c7377b43602baa0bd22ea3265c49b9ff0b76eb315d6c34721af4cdf1d9b \
    --hash=sha256:c99f27732c0b7dc847adb21c9d47ce57eb48fa33a17bc6d7d5c5e9f9e7ae5bac \
    --hash=sha256:cb9f255c18052343c70234907e2e532bc7e55a62565d64536dbc7706a20b78b9 \
    --hash=sha256:d4b19b03fdf54f3c5b2fa474c56b4c13c9dbfb9a2db4370ede7ec11a2c5927d9 \
    --hash=sha256:d64169ec3b8461311f8ce2fd2eb5d33e2d0f2c7b49116259c51d0d96edee48d1 \
    --hash=sha256:dbec574648b3e25f43d23577309b16534431db4ddc09fda50841f1e34e64ed34 \
    --hash=sha256:e0fe0f5feaafcb04505bcf439e991c6d8f1bf8b15f12b05feeed96e9e7bf1427 \
    --hash=sha256:f2a0ecc86378f45347f586e4163d1769dd81c5a223d577fe351f26b179e148b1 \
    --hash=sha256:f995e511de847791c3b11ed90084a7a0aafdc074ab88c5a9711622fe4751138c \
    --hash=sha256:fad79bfe3b65fe6a1efaed97b445c3d37f7be9fdc348bdb2d7cac75579607c89
    # via graphistry (setup.py)
mypy-extensions==1.1.0 \
    --hash=sha256:1be4cccdb0f2482337c4743e60421de3a356cd97508abadd57d47403e94f5505 \
    --hash=sha256:52e68efc3284861e772bbcd66823fde5ae21fd2fdb51c62a211403730b916558
    # via mypy
neo4j==5.28.3 \
    --hash=sha256:0625aaaf0963bc99a7231e946952f579792c3be22687192b20e0b74aa1233a2b \
    --hash=sha256:dbf6d9211b861bc3dd62dccbf8a74d1e33e0c602084dd123b753edf46e1fdfad
    # via graphistry (setup.py)
neotime==1.7.4 \
    --hash=sha256:4e0477ba0f24e004de2fa79a3236de2bd941f20de0b5db8d976c52a86d7363eb
    # via graphistry (setup.py)
numpy==1.24.4 \
    --hash=sha256:04640dab83f7c6c85abf9cd729c5b65f1ebd0ccf9de90b270cd61935eef0197f \
    --hash=sha256:1452241c290f3e2a312c137a9999cdbf63f78864d63c79039bda65ee86943f61 \
    --hash=sha256:222e40d0e2548690405b0b3c7b21d1169117391c2e82c378467ef9ab4c8f0da7 \
    --hash=sha256:2541312fbf09977f3b3ad449c4e5f4bb55d0dbf79226d7724211acc905049400 \
    --hash=sha256:31f13e25b4e304632a4619d0e0777662c2ffea99fcae2029556b17d8ff958aef \
    --hash=sha256:4602244f345453db537be5314d3983dbf5834a9701b7723ec28923e2889e0bb2 \
    --hash=sha256:4979217d7de511a8d57f4b4b5b2b965f707768440c17cb70fbf254c4b225238d \
    --hash=sha256:4c21decb6ea94057331e111a5bed9a79d335658c27ce2adb580fb4d54f2ad9bc \
    --hash=sha256:6620c0acd41dbcb368610bb2f4d83145674040025e5536954782467100aa8835 \
    --hash=sha256:692f2e0f55794943c5bfff12b3f56f99af76f902fc47487bdfe97856de51a706 \
    --hash=sha256:7215847ce88a85ce39baf9e89070cb860c98fdddacbaa6c0da3ffb31b3350bd5 \
    --hash=sha256:79fc682a374c4a8ed08b331bef9c5f582585d1048fa6d80bc6c35bc384eee9b4 \
    --hash=sha256:7ffe43c74893dbf38c2b0a1f5428760a1a9c98285553c89e12d70a96a7f3a4d6 \
    --hash=sha256:80f5e3a4e498641401868df4208b74581206afbee7cf7b8329daae82676d9463 \
    --hash=sha256:95f7ac6540e95bc440ad77f56e520da5bf877f87dca58bd095288dce8940532a \
    --hash=sha256:9667575fb6d13c95f1b36aca12c5ee3356bf001b714fc354eb5465ce1609e62f \
    --hash=sha256:a5425b114831d1e77e4b5d812b69d11d962e104095a5b9c3b641a218abcc050e \
    --hash=sha256:b4bea75e47d9586d31e892a7401f76e909712a0fd510f58f5337bea9572c571e \
    --hash=sha256:b7b1fc9864d7d39e28f41d089bfd6353cb5f27ecd9905348c24187a768c79694 \
    --hash=sha256:befe2bf740fd8373cf56149a5c23a0f601e82869598d41f8e188a0e9869926f8 \
    --hash=sha256:c0bfb52d2169d58c1cdb8cc1f16989101639b34c7d3ce60ed70b19c63eba0b64 \
    --hash=sha256:d11efb4dbecbdf22508d55e48d9c8384db795e1b7b51ea735289ff96613ff74d \
    --hash=sha256:dd80e219fd4c71fc3699fc1dadac5dcf4fd882bfc6f7ec53d30fa197b8ee22dc \
    --hash=sha256:e2926dac25b313635e4d6cf4dc4e51c8c0ebfed60b801c799ffc4c32bf3d1254 \
    --hash=sha256:e98f220aa76ca2a977fe435f5b04d7b3470c0a2e6312907b37ba6068f26787f2 \
    --hash=sha256:ed094d4f0c177b1b8e7aa9cba7d6ceed51c0e569a5318ac0ca9a090680a6a1b1 \
    --hash=sha256:f136bab9c2cfd8da131132c2cf6cc27331dd6fae65f95f69dcd4ae3c3639c810 \
    --hash=sha256:f3a86ed21e4f87050382c7bc96571755193c4c1392490744ac73d660e8f564a9
    # via
    #   graphistry (setup.py)
    #   pandas
    #   pandas-stubs
    #   pyarrow
openpyxl==3.1.5 \
    --hash=sha256:5282c12b107bffeef825f4617dc029afaf41d0ea60823bbb665ef3079dc79de2 \
    --hash=sha256:cf0e3cf56142039133628b5acffe8ef0c12bc902d2aadd3e0fe5878dc08d1050
    # via graphistry (setup.py)
packaging==26.0 \
    --hash=sha256:00243ae351a257117b6a241061796684b084ed1c516a08c48a3f7e147a9d80b4 \
    --hash=sha256:b36f1fef9334a5588b4166f8bcd26a14e521f2b55e6b9de3aaa80d3ff7a37529
    # via
    #   graphistry (setup.py)
    #   pytest
palettable==3.3.3 \
    --hash=sha256:094dd7d9a5fc1cca4854773e5c1fc6a315b33bd5b3a8f47064928facaf0490a8 \
    --hash=sha256:74e9e7d7fe5a9be065e02397558ed1777b2df0b793a6f4ce1a5ee74f74fb0caa
    # via graphistry (setup.py)
pandas==2.0.3 \
    --hash=sha256:04dbdbaf2e4d46ca8da896e1805bc04eb85caa9a82e259e8eed00254d5e0c682 \
    --hash=sha256:1168574b036cd8b93abc746171c9b4f1b83467438a5e45909fed645cf8692dbc \
    --hash=sha256:1994c789bf12a7c5098277fb43836ce090f1073858c10f9220998ac74f37c69b \
    --hash=sha256:258d3624b3ae734490e4d63c430256e716f488c4fcb7c8e9bde2d3aa46c29089 \
    --hash=sha256:32fca2ee1b0d93dd71d979726b12b61faa06aeb93cf77468776287f41ff8fdc5 \
    --hash=sha256:37673e3bdf1551b95bf5d4ce372b37770f9529743d2498032439371fc7b7eb26 \
    --hash=sha256:3ef285093b4fe5058eefd756100a367f27029913760773c8bf1d2d8bebe5d210 \
    --hash=sha256:5247fb1ba347c1261cbbf0fcfba4a3121fbb4029d95d9ef4dc45406620b25c8b \
    --hash=sha256:5ec591c48e29226bcbb316e0c1e9423622bc7a4eaf1ef7c3c9fa1a3981f89641 \
    --hash=sha256:694888a81198786f0e164ee3a581df7d505024fbb1f15202fc7db88a71d84ebd \
    --hash=sha256:69d7f3884c95da3a31ef82b7618af5710dba95bb885ffab339aad925c3e8ce78 \
    --hash=sha256:6a21ab5c89dcbd57f78d0ae16630b090eec626360085a4148693def5452d8a6b \
    --hash=sha256:81af086f4543c9d8bb128328b5d32e9986e0c84d3ee673a2ac6fb57fd14f755e \
    --hash=sha256:9e4da0d45e7f34c069fe4d522359df7d23badf83abc1d1cef398895822d11061 \
    --hash=sha256:9eae3dc34fa1aa7772dd3fc60270d13ced7346fcbcfee017d3132ec625e23bb0 \
    --hash=sha256:9ee1a69328d5c36c98d8e74db06f4ad518a1840e8ccb94a4ba86920986bb617e \
    --hash=sha256:b084b91d8d66ab19f5bb3256cbd5ea661848338301940e17f4492b2ce0801fe8 \
    --hash=sha256:b9cb1e14fdb546396b7e1b923ffaeeac24e4cedd14266c3497216dd4448e4f2d \
    --hash=sha256:ba619e410a21d8c387a1ea6e8a0e49bb42216474436245718d7f2e88a2f8d7c0 \
    --hash=sha256:c02f372a88e0d17f36d3093a644c73cfc1788e876a7c4bcb4020a77512e2043c \
    --hash=sha256:ce0c6f76a0f1ba361551f3e6dceaff06bde7514a374aa43e33b588ec10420183 \
    --hash=sha256:d9cd88488cceb7635aebb84809d087468eb33551097d600c6dad13602029c2df \
    --hash=sha256:e4c7c9f27a4185304c7caf96dc7d91bc60bc162221152de697c98eb0b2648dd8 \
    --hash=sha256:f167beed68918d62bffb6ec64f2e1d8a7d297a038f86d4aed056b9493fca407f \
    --hash=sha256:f3421a7afb1a43f7e38e82e844e2bca9a6d793d66c1a7f9f0ff39a795bbc5e02
    # via graphistry (setup.py)
pandas-stubs==2.0.2.230605 \
    --hash=sha256:39106b602f3cb6dc5f728b84e1b32bde6ecf41ee34ee714c66228009609fbada \
    --hash=sha256:624c7bb06d38145a44b61be459ccd19b038e0bf20364a025ecaab78fea65e858
    # via graphistry (setup.py)
parso==0.8.6 \
    --hash=sha256:2b9a0332696df97d454fa67b81618fd69c35a7b90327cbe6ba5c92d2c68a7bfd \
    --hash=sha256:2c549f800b70a5c4952197248825584cb00f033b29c692671d3bf08bf380baff
    # via jedi
pexpect==4.9.0 \
    --hash=sha256:7236d1e080e4936be2dc3e326cec0af72acf9212a7e1d060210e70a47e253523 \
    --hash=sha256:ee7d41123f3c9911050ea2c2dac107568dc43b2d3b0c7557a33212c398ead30f
    # via ipython
pickleshare==0.7.5 \
    --hash=sha256:87683d47965c1da65cdacaf31c8441d12b8044cdec9aca500cd78fc2c683afca \
    --hash=sha256:9649af414d74d4df115d5d718f82acb59c9d418196b7b4290ed47a12ce62df56
    # via ipython
pluggy==1.5.0 \
    --hash=sha256:2cffa88e94fdc978c4c574f15f9e59b7f4201d439195c3715ca9e2486f1d0cf1 \
    --hash=sha256:44e1ad92c8ca002de6377e165f3e0f1be63266ab4d554740532335b9d75ea669
    # via pytest
prompt-toolkit==3.0.52 \
    --hash=sha256:28cde192929c8e7321de85de1ddbe736f1375148b02f2e17edd840042b1be855 \
    --hash=sha256:9aac639a3bbd33284347de5ad8d68ecc044b91a762dc39b7c21095fcd6a19955
    # via ipython
ptyprocess==0.7.0 \
    --hash=sha256:4b41f3967fce3af57cc7e94b888626c18bf37a083e3651ca8feeb66d492fef35 \
    --hash=sha256:5c5d0a3b48ceee0b48485e0c26037c0acd7d29765ca3fbb5cb3831d347423220
    # via pexpect
pure-eval==0.2.3 \
    --hash=sha256:1db8e35b67b3d218d818ae653e27f06c3aa420901fa7b081ca98cbedc874e0d0 \
    --hash=sha256:5f4e983f40564c576c7c8635ae88db5956bb2229d7e9237d03b3c0b0190eaf42
    # via stack-data
pyarrow==17.0.0 \
    --hash=sha256:0071ce35788c6f9077ff9ecba4858108eebe2ea5a3f7cf2cf55ebc1dbc6ee24a \
    --hash=sha256:02dae06ce212d8b3244dd3e7d12d9c4d3046945a5933d28026598e9dbbda1fca \
    --hash=sha256:0b72e87fe3e1db343995562f7fff8aee354b55ee83d13afba65400c178ab2597 \
    --hash=sha256:0cdb0e627c86c373205a2f94a510ac4376fdc523f8bb36beab2e7f204416163c \
    --hash=sha256:13d7a460b412f31e4c0efa1148e1d29bdf18ad1411eb6757d38f8fbdcc8645fb \
    --hash=sha256:1c8856e2ef09eb87ecf937104aacfa0708f22dfeb039c363ec99735190ffb977 \
    --hash=sha256:2e19f569567efcbbd42084e87f948778eb371d308e137a0f97afe19bb860ccb3 \
    --hash=sha256:32503827abbc5aadedfa235f5ece8c4f8f8b0a3cf01066bc8d29de7539532687 \
    --hash=sha256:392bc9feabc647338e6c89267635e111d71edad5fcffba204425a7c8d13610d7 \
    --hash=sha256:42bf93249a083aca230ba7e2786c5f673507fa97bbd9725a1e2754715151a204 \
    --hash=sha256:4beca9521ed2c0921c1023e68d097d0299b62c362639ea315572a58f3f50fd28 \
    --hash=sha256:5984f416552eea15fd9cee03da53542bf4cddaef5afecefb9aa8d1010c335087 \
    --hash=sha256:6b244dc8e08a23b3e352899a006a26ae7b4d0da7bb636872fa8f5884e70acf15 \
    --hash=sha256:757074882f844411fcca735e39aae74248a1531367a7c80799b4266390ae51cc \
    --hash=sha256:75c06d4624c0ad6674364bb46ef38c3132768139ddec1c56582dbac54f2663e2 \
    --hash=sha256:7c7916bff914ac5d4a8fe25b7a25e432ff921e72f6f2b7547d1e325c1ad9d155 \
    --hash=sha256:9b564a51fbccfab5a04a80453e5ac6c9954a9c5ef2890d1bcf63741909c3f8df \
    --hash=sha256:9b8a823cea605221e61f34859dcc03207e52e409ccf6354634143e23af7c8d22 \
    --hash=sha256:9ba11c4f16976e89146781a83833df7f82077cdab7dc6232c897789343f7891a \
    --hash=sha256:a155acc7f154b9ffcc85497509bcd0d43efb80d6f733b0dc3bb14e281f131c8b \
    --hash=sha256:a27532c38f3de9eb3e90ecab63dfda948a8ca859a66e3a47f5f42d1e403c4d03 \
    --hash=sha256:a48ddf5c3c6a6c505904545c25a4ae13646ae1f8ba703c4df4a1bfe4f4006bda \
    --hash=sha256:a5c8b238d47e48812ee577ee20c9a2779e6a5904f1708ae240f53ecbee7c9f07 \
    --hash=sha256:af5ff82a04b2171415f1410cff7ebb79861afc5dae50be73ce06d6e870615204 \
    --hash=sha256:b0c6ac301093b42d34410b187bba560b17c0330f64907bfa4f7f7f2444b0cf9b \
    --hash=sha256:d7d192305d9d8bc9082d10f361fc70a73590a4c65cf31c3e6926cd72b76bc35c \
    --hash=sha256:da1e060b3876faa11cee287839f9cc7cdc00649f475714b8680a05fd9071d545 \
    --hash=sha256:db023dc4c6cae1015de9e198d41250688383c3f9af8f565370ab2b4cb5f62655 \
    --hash=sha256:dc5c31c37409dfbc5d014047817cb4ccd8c1ea25d19576acf1a001fe07f5b420 \
    --hash=sha256:dec8d129254d0188a49f8a1fc99e0560dc1b85f60af729f47de4046015f9b0a5 \
    --hash=sha256:e3343cb1e88bc2ea605986d4b94948716edc7a8d14afd4e2c097232f729758b4 \
    --hash=sha256:edca18eaca89cd6382dfbcff3dd2d87633433043650c07375d095cd3517561d8 \
    --hash=sha256:f1e70de6cb5790a50b01d2b686d54aaf73da01266850b05e3af2a1bc89e16053 \
    --hash=sha256:f553ca691b9e94b202ff741bdd40f6ccb70cdd5fbf65c187af132f1317de6145 \
    --hash=sha256:f7ae2de664e0b158d1607699a16a488de3d008ba99b3a7aa5de1cbc13574d047 \
    --hash=sha256:fa3c246cc58cb5a4a5cb407a18f193354ea47dd0648194e6265bd24177982fe8
    # via graphistry (setup.py)
pygments==2.19.2 \
    --hash=sha256:636cb2477cec7f8952536970bc533bc43743542f70392ae026374600add5b887 \
    --hash=sha256:86540386c03d588bb81d44bc3928634ff26449851e99741617ecb9037ee5ec0b
    # via ipython
pytest==8.3.5 \
    --hash=sha256:c69214aa47deac29fad6c2a4f590b9c4a9fdb16a403176fe154b79c0b4d4d820 \
    --hash=sha256:f4efe70cc14e511565ac476b57c279e12a855b11f48f212af1080ef2263d3845
    # via
    #   graphistry (setup.py)
    #   pytest-xdist
pytest-xdist==3.6.1 \
    --hash=sha256:9ed4adfb68a016610848639bb7e02c9352d5d9f03d04809919e2dafc3be4cca7 \
    --hash=sha256:ead156a4db231eec769737f57668ef58a2084a34b2e55c4a8fa20d861107300d
    # via graphistry (setup.py)
python-dateutil==2.9.0.post0 \
    --hash=sha256:37dd54208da7e1cd875388217d5e00ebd4179249f90fb72437e91a35459a0ad3 \
    --hash=sha256:a8b2bc7bffae282281c8140a97d3aa9c14da0b136dfe83f850eea9a5f7470427
    # via pandas
pytz==2026.1.post1 \
    --hash=sha256:3378dde6a0c3d26719182142c56e60c7f9af7e968076f31aae569d72a0358ee1 \
    --hash=sha256:f2fd16142fda348286a75e1a524be810bb05d444e5a081f37f7affc635035f7a
    # via
    #   neo4j
    #   neotime
    #   pandas
requests==2.32.4 \
    --hash=sha256:27babd3cda2a6d50b30443204ee89830707d396671944c998b5975b031ac2b2c \
    --hash=sha256:27d0316682c8a29834d3264820024b62a36942083d52caf2f14c0591336d3422
    # via graphistry (setup.py)
ruff==0.15.8 \
    --hash=sha256:04f79eff02a72db209d47d665ba7ebcad609d8918a134f86cb13dd132159fc89 \
    --hash=sha256:0f29b989a55572fb885b77464cf24af05500806ab4edf9a0fd8977f9759d85b1 \
    --hash=sha256:12e617fc01a95e5821648a6df341d80456bd627bfab8a829f7cfc26a14a4b4a3 \
    --hash=sha256:2033f963c43949d51e6fdccd3946633c6b37c484f5f98c3035f49c27395a8ab8 \
    --hash=sha256:432701303b26416d22ba696c39f2c6f12499b89093b61360abc34bcc9bf07762 \
    --hash=sha256:6ee3ae5c65a42f273f126686353f2e08ff29927b7b7e203b711514370d500de3 \
    --hash=sha256:75e5cd06b1cf3f47a3996cfc999226b19aa92e7cce682dcd62f80d7035f98f49 \
    --hash=sha256:8d9a5b8ea13f26ae90838afc33f91b547e61b794865374f114f349e9036835fb \
    --hash=sha256:995f11f63597ee362130d1d5a327a87cb6f3f5eae3094c620bcc632329a4d26e \
    --hash=sha256:ac51d486bf457cdc985a412fb1801b2dfd1bd8838372fc55de64b1510eff4bec \
    --hash=sha256:bc1f0a51254ba21767bfa9a8b5013ca8149dcf38092e6a9eb704d876de94dc34 \
    --hash=sha256:c2a33a529fb3cbc23a7124b5c6ff121e4d6228029cba374777bd7649cc8598b8 \
    --hash=sha256:c9861eb959edab053c10ad62c278835ee69ca527b6dcd72b47d5c1e5648964f6 \
    --hash=sha256:cbe05adeba76d58162762d6b239c9056f1a15a55bd4b346cfd21e26cd6ad7bc7 \
    --hash=sha256:cf891fa8e3bb430c0e7fac93851a5978fc99c8fa2c053b57b118972866f8e5f2 \
    --hash=sha256:d3e3d0b6ba8dca1b7ef9ab80a28e840a20070c4b62e56d675c24f366ef330570 \
    --hash=sha256:d910ae974b7a06a33a057cb87d2a10792a3b2b3b35e33d2699fdf63ec8f6b17a \
    --hash=sha256:fdce027ada77baa448077ccc6ebb2fa9c3c62fd110d8659d601cf2f475858d94
    # via graphistry (setup.py)
setuptools==75.3.4 \
    --hash=sha256:2dd50a7f42dddfa1d02a36f275dbe716f38ed250224f609d35fb60a09593d93e \
    --hash=sha256:b4ea3f76e1633c4d2d422a5d68ab35fd35402ad71e6acaa5d7e5956eb47e8887
    # via graphistry (setup.py)
six==1.17.0 \
    --hash=sha256:4721f391ed90541fddacab5acf947aa0d3dc7d27b2e1e8eda2be8970586c3274 \
    --hash=sha256:ff70335d468e7eb6ec65b95b99d3a2836546063f63acc5171de367e834932a81
    # via
    #   neotime
    #   python-dateutil
sortedcontainers==2.4.0 \
    --hash=sha256:25caa5a06cc30b6b83d11423433f65d1f9d76c4c6a0c90e3379eaa43b9bfdb88 \
    --hash=sha256:a163dcaede0f1c021485e957a39245190e74249897e2ae4b2aa38595db237ee0
    # via hypothesis
squarify==0.4.4 \
    --hash=sha256:b8a110c8dc5f1cd1402ca12d79764a081e90bfc445346cfa166df929753ecb46 \
    --hash=sha256:d7597724e29d48aa14fd2f551060d6b09e1f0a67e4cd3ea329fe03b4c9a56f11
    # via graphistry (setup.py)
stack-data==0.6.3 \
    --hash=sha256:836a778de4fec4dcd1dcd89ed8abff8a221f58308462e1c4aa2a3cf30148f0b9 \
    --hash=sha256:d5558e0c25a4cb0853cddad3d77da9891a08cb85dd9f9f91b9f8cd66e511e695
    # via ipython
tomli==2.4.1 \
    --hash=sha256:01f520d4f53ef97964a240a035ec2a869fe1a37dde002b57ebc4417a27ccd853 \
    --hash=sha256:0d85819802132122da43cb86656f8d1f8c6587d54ae7dcaf30e90533028b49fe \
    --hash=sha256:136443dbd7e1dee43c68ac2694fde36b2849865fa258d39bf822c10e8068eac5 \
    --hash=sha256:1d8591993e228b0c930c4bb0db464bdad97b3289fb981255d6c9a41aedc84b2d \
    --hash=sha256:2190f2e9dd7508d2a90ded5ed369255980a1bcdd58e52f7fe24b8162bf9fedbd \
    --hash=sha256:2c1c351919aca02858f740c6d33adea0c5deea37f9ecca1cc1ef9e884a619d26 \
    --hash=sha256:36d2bd2ad5fb9eaddba5226aa02c8ec3fa4f192631e347b3ed28186d43be6b54 \
    --hash=sha256:3d48a93ee1c9b79c04bb38772ee1b64dcf18ff43085896ea460ca8dec96f35f6 \
    --hash=sha256:47149d5bd38761ac8be13a84864bf0b7b70bc051806bc3669ab1cbc56216b23c \
    --hash=sha256:4ab97e64ccda8756376892c53a72bd1f964e519c77236368527f758fbc36a53a \
    --hash=sha256:4b605484e43cdc43f0954ddae319fb75f04cc10dd80d830540060ee7cd0243cd \
    --hash=sha256:504aa796fe0569bb43171066009ead363de03675276d2d121ac1a4572397870f \
    --hash=sha256:51529d40e3ca50046d7606fa99ce3956a617f9b36380da3b7f0dd3dd28e68cb5 \
    --hash=sha256:52c8ef851d9a240f11a88c003eacb03c31fc1c9c4ec64a99a0f922b93874fda9 \
    --hash=sha256:559db847dc486944896521f68d8190be1c9e719fced785720d2216fe7022b662 \
    --hash=sha256:5a881ab208c0baf688221f8cecc5401bd291d67e38a1ac884d6736cbcd8247e9 \
    --hash=sha256:5cb41aa38891e073ee49d55fbc7839cfdb2bc0e600add13874d048c94aadddd1 \
    --hash=sha256:5e262d41726bc187e69af7825504c933b6794dc3fbd5945e41a79bb14c31f585 \
    --hash=sha256:5ee18d9ebdb417e384b58fe414e8d6af9f4e7a0ae761519fb50f721de398dd4e \
    --hash=sha256:7008df2e7655c495dd12d2a4ad038ff878d4ca4b81fccaf82b714e07eae4402c \
    --hash=sha256:734e20b57ba95624ecf1841e72b53f6e186355e216e5412de414e3c51e5e3c41 \
    --hash=sha256:7c7e1a961a0b2f2472c1ac5b69affa0ae1132c39adcb67aba98568702b9cc23f \
    --hash=sha256:7f86fd587c4ed9dd76f318225e7d9b29cfc5a9d43de44e5754db8d1128487085 \
    --hash=sha256:7f94b27a62cfad8496c8d2513e1a222dd446f095fca8987fceef261225538a15 \
    --hash=sha256:88dceee75c2c63af144e456745e10101eb67361050196b0b6af5d717254dddf7 \
    --hash=sha256:8a650c2dbafa08d42e51ba0b62740dae4ecb9338eefa093aa5c78ceb546fcd5c \
    --hash=sha256:8d65a2fbf9d2f8352685bc1364177ee3923d6baf5e7f43ea4959d7d8bc326a36 \
    --hash=sha256:96481a5786729fd470164b47cdb3e0e58062a496f455ee41b4403be77cb5a076 \
    --hash=sha256:a120733b01c45e9a0c34aeef92bf0cf1d56cfe81ed9d47d562f9ed591a9828ac \
    --hash=sha256:b1d22e6e9387bf4739fbe23bfa80e93f6b0373a7f1b96c6227c32bef95a4d7a8 \
    --hash=sha256:b8c198f8c1805dc42708689ed6864951fd2494f924149d3e4bce7710f8eb5232 \
    --hash=sha256:c2541745709bad0264b7d4705ad453b76ccd191e64aa6f0fc66b69a293a45ece \
    --hash=sha256:c742f741d58a28940ce01d58f0ab2ea3ced8b12402f162f4d534dfe18ba1cd6a \
    --hash=sha256:c7f2c7f2b9ca6bdeef8f0fa897f8e05085923eb091721675170254cbc5b02897 \
    --hash=sha256:d312ef37c91508b0ab2cee7da26ec0b3ed2f03ce12bd87a588d771ae15dcf82d \
    --hash=sha256:d4d8fe59808a54658fcc0160ecfb1b30f9089906c50b23bcb4c69eddc19ec2b4 \
    --hash=sha256:da25dc3563bff5965356133435b757a795a17b17d01dbc0f42fb32447ddfd917 \
    --hash=sha256:eab21f45c7f66c13f2a9e0e1535309cee140182a9cdae1e041d02e47291e8396 \
    --hash=sha256:eb0dc4e38e6a1fd579e5d50369aa2e10acfc9cace504579b2faabb478e76941a \
    --hash=sha256:ec9bfaf3ad2df51ace80688143a6a4ebc09a248f6ff781a9945e51937008fcbc \
    --hash=sha256:ede3e6487c5ef5d28634ba3f31f989030ad6af71edfb0055cbbd14189ff240ba \
    --hash=sha256:f3c6818a1a86dd6dca7ddcaaf76947d5ba31aecc28cb1b67009a5877c9a64f3f \
    --hash=sha256:f758f1b9299d059cc3f6546ae2af89670cb1c4d48ea29c3cacc4fe7de3058257 \
    --hash=sha256:f8f0fc26ec2cc2b965b7a3b87cd19c5c6b8c5e5f436b984e85f486d652285c30 \
    --hash=sha256:fd0409a3653af6c147209d267a0e4243f0ae46b011aa978b1080359fddc9b6cf \
    --hash=sha256:ff18e6a727ee0ab0388507b89d1bc6a22b138d1e2fa56d1ad494586d61d2eae9 \
    --hash=sha256:ff2983983d34813c1aeb0fa89091e76c3a22889ee83ab27c5eeb45100560c049
    # via
    #   mypy
    #   pytest
traitlets==5.14.3 \
    --hash=sha256:9ed0579d3502c94b4b3732ac120375cda96f923114522847de4b3bb98b96b6b7 \
    --hash=sha256:b74e89e397b1ed28cc831db7aea759ba6640cb3de13090ca145426688ff1ac4f
    # via
    #   ipython
    #   matplotlib-inline
types-defusedxml==0.7.0.20240218 \
    --hash=sha256:05688a7724dc66ea74c4af5ca0efc554a150c329cb28c13a64902cab878d06ed \
    --hash=sha256:2b7f3c5ca14fdbe728fab0b846f5f7eb98c4bd4fd2b83d25f79e923caa790ced
    # via graphistry (setup.py)
types-pytz==2024.2.0.20241221 \
    --hash=sha256:06d7cde9613e9f7504766a0554a270c369434b50e00975b3a4a0f6eed0f2c1a9 \
    --hash=sha256:8fc03195329c43637ed4f593663df721fef919b60a969066e22606edf0b53ad5
    # via pandas-stubs
types-requests==2.32.0.20241016 \
    --hash=sha256:0d9cad2f27515d0e3e3da7134a1b6f28fb97129d86b867f24d9c726452634d95 \
    --hash=sha256:4195d62d6d3e043a4eaaf08ff8a62184584d2e8684e9d2aa178c7915a7da3747
    # via
    #   graphistry (setup.py)
    #   types-tqdm
types-tqdm==4.67.0.20241221 \
    --hash=sha256:a1f1c9cda5c2d8482d2c73957a5398bfdedda10f6bc7b3b4e812d5c910486d29 \
    --hash=sha256:e56046631056922385abe89aeb18af5611f471eadd7918a0ad7f34d84cd4c8cc
    # via graphistry (setup.py)
typing-extensions==4.13.2 \
    --hash=sha256:a439e7c04b49fec3e5d3e2beaa21755cadbbdc391694e28ccdd36ca4a1408f8c \
    --hash=sha256:e6c81219bd689f51865d9e372991c540bda33a0379d5573cddb9a3a23f7caaef
    # via
    #   graphistry (setup.py)
    #   exceptiongroup
    #   ipython
    #   mypy
tzdata==2025.3 \
    --hash=sha256:06a47e5700f3081aab02b2e513160914ff0694bce9947d6b76ebd6bf57cfc5d1 \
    --hash=sha256:de39c2ca5dc7b0344f2eba86f49d614019d29f060fc4ebc8a417896a620b56a7
    # via pandas
urllib3==2.2.3 \
    --hash=sha256:ca899ca043dcb1bafa3e262d73aa25c465bfb49e0bd9dd5d59f1d0acba2f8fac \
    --hash=sha256:e7d814a81dad81e6caf2ec9fdedb284ecc9c73076b62654547cc64ccdcae26e9
    # via
    #   requests
    #   types-requests
wcwidth==0.6.0 \
    --hash=sha256:1a3a1e510b553315f8e146c54764f4fb6264ffad731b3d78088cdb1478ffbdad \
    --hash=sha256:cdc4e4262d6ef9a1a57e018384cbeb1208d8abbc64176027e2c2455c81313159
    # via prompt-toolkit
xlrd==2.0.2 \
    --hash=sha256:08b5e25de58f21ce71dc7db3b3b8106c1fa776f3024c54e45b45b374e89234c9 \
    --hash=sha256:ea762c3d29f4cca48d82df517b6d89fbce4db3107f9d78713e48cd321d5c9aa9
    # via graphistry (setup.py)
